// !$*UTF8*$!
{
	archiveVersion = 1;
	classes = {
	};
	objectVersion = 46;
	objects = {

/* Begin PBXBuildFile section */
		0E7687431DAB87C400B0F073 /* NotificationService.m in Sources */ = {isa = PBXBuildFile; fileRef = 0E7687421DAB87C400B0F073 /* NotificationService.m */; };
		0E7687471DAB87C400B0F073 /* NotificationService.appex in Embed App Extensions */ = {isa = PBXBuildFile; fileRef = 0E76873F1DAB87C400B0F073 /* NotificationService.appex */; settings = {ATTRIBUTES = (RemoveHeadersOnCopy, ); }; };
		3BEE635D476BFDF8A1127167 /* libPods-NotificationService.a in Frameworks */ = {isa = PBXBuildFile; fileRef = 18B59CD2A1834DD9797C529A /* libPods-NotificationService.a */; };
		951EC9341F74A6CA002EC8FB /* LaunchScreen.storyboard in Resources */ = {isa = PBXBuildFile; fileRef = 951EC9331F74A6CA002EC8FB /* LaunchScreen.storyboard */; };
		95241A5D1BB90B2A00DEADD8 /* main.m in Sources */ = {isa = PBXBuildFile; fileRef = 95241A5C1BB90B2A00DEADD8 /* main.m */; };
		95241A601BB90B2A00DEADD8 /* AppDelegate.m in Sources */ = {isa = PBXBuildFile; fileRef = 95241A5F1BB90B2A00DEADD8 /* AppDelegate.m */; };
		95241A631BB90B2A00DEADD8 /* ViewController.m in Sources */ = {isa = PBXBuildFile; fileRef = 95241A621BB90B2A00DEADD8 /* ViewController.m */; };
		95241A661BB90B2A00DEADD8 /* Main.storyboard in Resources */ = {isa = PBXBuildFile; fileRef = 95241A641BB90B2A00DEADD8 /* Main.storyboard */; };
		95241A681BB90B2A00DEADD8 /* Assets.xcassets in Resources */ = {isa = PBXBuildFile; fileRef = 95241A671BB90B2A00DEADD8 /* Assets.xcassets */; };
		AD600C045E46F1ACDC1A4A78 /* libPods-GtSdkDemo-objc.a in Frameworks */ = {isa = PBXBuildFile; fileRef = 9BBFCA3CD15AFEA69A9E3351 /* libPods-GtSdkDemo-objc.a */; };
/* End PBXBuildFile section */

/* Begin PBXContainerItemProxy section */
		0E7687451DAB87C400B0F073 /* PBXContainerItemProxy */ = {
			isa = PBXContainerItemProxy;
			containerPortal = 95241A501BB90B2A00DEADD8 /* Project object */;
			proxyType = 1;
			remoteGlobalIDString = 0E76873E1DAB87C400B0F073;
			remoteInfo = NotificationService;
		};
/* End PBXContainerItemProxy section */

/* Begin PBXCopyFilesBuildPhase section */
		0E76874B1DAB87C400B0F073 /* Embed App Extensions */ = {
			isa = PBXCopyFilesBuildPhase;
			buildActionMask = 2147483647;
			dstPath = "";
			dstSubfolderSpec = 13;
			files = (
				0E7687471DAB87C400B0F073 /* NotificationService.appex in Embed App Extensions */,
			);
			name = "Embed App Extensions";
			runOnlyForDeploymentPostprocessing = 0;
		};
/* End PBXCopyFilesBuildPhase section */

/* Begin PBXFileReference section */
		0E76873F1DAB87C400B0F073 /* NotificationService.appex */ = {isa = PBXFileReference; explicitFileType = "wrapper.app-extension"; includeInIndex = 0; path = NotificationService.appex; sourceTree = BUILT_PRODUCTS_DIR; };
		0E7687411DAB87C400B0F073 /* NotificationService.h */ = {isa = PBXFileReference; lastKnownFileType = sourcecode.c.h; path = NotificationService.h; sourceTree = "<group>"; };
		0E7687421DAB87C400B0F073 /* NotificationService.m */ = {isa = PBXFileReference; lastKnownFileType = sourcecode.c.objc; path = NotificationService.m; sourceTree = "<group>"; };
		0E7687441DAB87C400B0F073 /* Info.plist */ = {isa = PBXFileReference; lastKnownFileType = text.plist.xml; path = Info.plist; sourceTree = "<group>"; };
		18B59CD2A1834DD9797C529A /* libPods-NotificationService.a */ = {isa = PBXFileReference; explicitFileType = archive.ar; includeInIndex = 0; path = "libPods-NotificationService.a"; sourceTree = BUILT_PRODUCTS_DIR; };
		951EC9331F74A6CA002EC8FB /* LaunchScreen.storyboard */ = {isa = PBXFileReference; fileEncoding = 4; lastKnownFileType = file.storyboard; path = LaunchScreen.storyboard; sourceTree = "<group>"; };
		95241A581BB90B2A00DEADD8 /* GtSdkDemo-objc.app */ = {isa = PBXFileReference; explicitFileType = wrapper.application; includeInIndex = 0; path = "GtSdkDemo-objc.app"; sourceTree = BUILT_PRODUCTS_DIR; };
		95241A5C1BB90B2A00DEADD8 /* main.m */ = {isa = PBXFileReference; lastKnownFileType = sourcecode.c.objc; path = main.m; sourceTree = "<group>"; };
		95241A5E1BB90B2A00DEADD8 /* AppDelegate.h */ = {isa = PBXFileReference; lastKnownFileType = sourcecode.c.h; path = AppDelegate.h; sourceTree = "<group>"; };
		95241A5F1BB90B2A00DEADD8 /* AppDelegate.m */ = {isa = PBXFileReference; lastKnownFileType = sourcecode.c.objc; path = AppDelegate.m; sourceTree = "<group>"; };
		95241A611BB90B2A00DEADD8 /* ViewController.h */ = {isa = PBXFileReference; lastKnownFileType = sourcecode.c.h; path = ViewController.h; sourceTree = "<group>"; };
		95241A621BB90B2A00DEADD8 /* ViewController.m */ = {isa = PBXFileReference; lastKnownFileType = sourcecode.c.objc; path = ViewController.m; sourceTree = "<group>"; };
		95241A651BB90B2A00DEADD8 /* Base */ = {isa = PBXFileReference; lastKnownFileType = file.storyboard; name = Base; path = Base.lproj/Main.storyboard; sourceTree = "<group>"; };
		95241A671BB90B2A00DEADD8 /* Assets.xcassets */ = {isa = PBXFileReference; lastKnownFileType = folder.assetcatalog; path = Assets.xcassets; sourceTree = "<group>"; };
		95241A6C1BB90B2A00DEADD8 /* Info.plist */ = {isa = PBXFileReference; lastKnownFileType = text.plist.xml; path = Info.plist; sourceTree = "<group>"; };
		95DFCD5A1D9A5D100020ACDE /* GtSdkDemo-objc.entitlements */ = {isa = PBXFileReference; lastKnownFileType = text.plist.entitlements; path = "GtSdkDemo-objc.entitlements"; sourceTree = "<group>"; };
		9BBFCA3CD15AFEA69A9E3351 /* libPods-GtSdkDemo-objc.a */ = {isa = PBXFileReference; explicitFileType = archive.ar; includeInIndex = 0; path = "libPods-GtSdkDemo-objc.a"; sourceTree = BUILT_PRODUCTS_DIR; };
/* End PBXFileReference section */

/* Begin PBXFrameworksBuildPhase section */
		0E76873C1DAB87C400B0F073 /* Frameworks */ = {
			isa = PBXFrameworksBuildPhase;
			buildActionMask = 2147483647;
			files = (
				3BEE635D476BFDF8A1127167 /* libPods-NotificationService.a in Frameworks */,
			);
			runOnlyForDeploymentPostprocessing = 0;
		};
		95241A551BB90B2A00DEADD8 /* Frameworks */ = {
			isa = PBXFrameworksBuildPhase;
			buildActionMask = 2147483647;
			files = (
				AD600C045E46F1ACDC1A4A78 /* libPods-GtSdkDemo-objc.a in Frameworks */,
			);
			runOnlyForDeploymentPostprocessing = 0;
		};
/* End PBXFrameworksBuildPhase section */

/* Begin PBXGroup section */
		0E7687401DAB87C400B0F073 /* NotificationService */ = {
			isa = PBXGroup;
			children = (
				0E7687411DAB87C400B0F073 /* NotificationService.h */,
				0E7687421DAB87C400B0F073 /* NotificationService.m */,
				0E7687441DAB87C400B0F073 /* Info.plist */,
			);
			path = NotificationService;
			sourceTree = "<group>";
		};
		95241A4F1BB90B2A00DEADD8 = {
			isa = PBXGroup;
			children = (
				95241A5A1BB90B2A00DEADD8 /* GtSdkDemo-objc */,
				0E7687401DAB87C400B0F073 /* NotificationService */,
				95241A831BB917C300DEADD8 /* Frameworks */,
				95241A591BB90B2A00DEADD8 /* Products */,
			);
			sourceTree = "<group>";
		};
		95241A591BB90B2A00DEADD8 /* Products */ = {
			isa = PBXGroup;
			children = (
				95241A581BB90B2A00DEADD8 /* GtSdkDemo-objc.app */,
				0E76873F1DAB87C400B0F073 /* NotificationService.appex */,
			);
			name = Products;
			sourceTree = "<group>";
		};
		95241A5A1BB90B2A00DEADD8 /* GtSdkDemo-objc */ = {
			isa = PBXGroup;
			children = (
				95DFCD5A1D9A5D100020ACDE /* GtSdkDemo-objc.entitlements */,
				95241A5E1BB90B2A00DEADD8 /* AppDelegate.h */,
				95241A5F1BB90B2A00DEADD8 /* AppDelegate.m */,
				95241A611BB90B2A00DEADD8 /* ViewController.h */,
				95241A621BB90B2A00DEADD8 /* ViewController.m */,
				95241A641BB90B2A00DEADD8 /* Main.storyboard */,
				95241A671BB90B2A00DEADD8 /* Assets.xcassets */,
				951EC9331F74A6CA002EC8FB /* LaunchScreen.storyboard */,
				95241A6C1BB90B2A00DEADD8 /* Info.plist */,
				95241A5B1BB90B2A00DEADD8 /* Supporting Files */,
			);
			path = "GtSdkDemo-objc";
			sourceTree = "<group>";
		};
		95241A5B1BB90B2A00DEADD8 /* Supporting Files */ = {
			isa = PBXGroup;
			children = (
				95241A5C1BB90B2A00DEADD8 /* main.m */,
			);
			name = "Supporting Files";
			sourceTree = "<group>";
		};
		95241A831BB917C300DEADD8 /* Frameworks */ = {
			isa = PBXGroup;
			children = (
				9BBFCA3CD15AFEA69A9E3351 /* libPods-GtSdkDemo-objc.a */,
				18B59CD2A1834DD9797C529A /* libPods-NotificationService.a */,
			);
			name = Frameworks;
			sourceTree = "<group>";
		};
/* End PBXGroup section */

/* Begin PBXNativeTarget section */
		0E76873E1DAB87C400B0F073 /* NotificationService */ = {
			isa = PBXNativeTarget;
			buildConfigurationList = 0E76874A1DAB87C400B0F073 /* Build configuration list for PBXNativeTarget "NotificationService" */;
			buildPhases = (
				57CEB89F5CA814722C649AAA /* [CP] Check Pods Manifest.lock */,
				0E76873B1DAB87C400B0F073 /* Sources */,
				0E76873C1DAB87C400B0F073 /* Frameworks */,
				0E76873D1DAB87C400B0F073 /* Resources */,
				A15102B91B1ABDD8E53EC016 /* [CP] Copy Pods Resources */,
			);
			buildRules = (
			);
			dependencies = (
			);
			name = NotificationService;
			productName = NotificationService;
			productReference = 0E76873F1DAB87C400B0F073 /* NotificationService.appex */;
			productType = "com.apple.product-type.app-extension";
		};
		95241A571BB90B2A00DEADD8 /* GtSdkDemo-objc */ = {
			isa = PBXNativeTarget;
			buildConfigurationList = 95241A6F1BB90B2A00DEADD8 /* Build configuration list for PBXNativeTarget "GtSdkDemo-objc" */;
			buildPhases = (
				92D042C2A862C1D4A343CDCE /* [CP] Check Pods Manifest.lock */,
				95241A541BB90B2A00DEADD8 /* Sources */,
				95241A551BB90B2A00DEADD8 /* Frameworks */,
				95241A561BB90B2A00DEADD8 /* Resources */,
				0E76874B1DAB87C400B0F073 /* Embed App Extensions */,
				BD7419EF60A91C4FE6D00A71 /* [CP] Embed Pods Frameworks */,
				785E043F4FEB76B96EB0F0AF /* [CP] Copy Pods Resources */,
			);
			buildRules = (
			);
			dependencies = (
				0E7687461DAB87C400B0F073 /* PBXTargetDependency */,
			);
			name = "GtSdkDemo-objc";
			productName = GtSdkDemo;
			productReference = 95241A581BB90B2A00DEADD8 /* GtSdkDemo-objc.app */;
			productType = "com.apple.product-type.application";
		};
/* End PBXNativeTarget section */

/* Begin PBXProject section */
		95241A501BB90B2A00DEADD8 /* Project object */ = {
			isa = PBXProject;
			attributes = {
				LastUpgradeCheck = 0800;
				ORGANIZATIONNAME = "Gexin Interactive (Beijing) Network Technology Co.,LTD.";
				TargetAttributes = {
					0E76873E1DAB87C400B0F073 = {
						CreatedOnToolsVersion = 8.0;
						DevelopmentTeam = 3MJY223U56;
						ProvisioningStyle = Manual;
					};
					95241A571BB90B2A00DEADD8 = {
						CreatedOnToolsVersion = 7.0;
						DevelopmentTeam = 3MJY223U56;
						ProvisioningStyle = Manual;
						SystemCapabilities = {
							com.apple.BackgroundModes = {
								enabled = 1;
							};
							com.apple.Push = {
								enabled = 1;
							};
						};
					};
				};
			};
			buildConfigurationList = 95241A531BB90B2A00DEADD8 /* Build configuration list for PBXProject "GtSdkDemo-objc" */;
			compatibilityVersion = "Xcode 3.2";
			developmentRegion = English;
			hasScannedForEncodings = 0;
			knownRegions = (
				en,
				Base,
			);
			mainGroup = 95241A4F1BB90B2A00DEADD8;
			productRefGroup = 95241A591BB90B2A00DEADD8 /* Products */;
			projectDirPath = "";
			projectRoot = "";
			targets = (
				95241A571BB90B2A00DEADD8 /* GtSdkDemo-objc */,
				0E76873E1DAB87C400B0F073 /* NotificationService */,
			);
		};
/* End PBXProject section */

/* Begin PBXResourcesBuildPhase section */
		0E76873D1DAB87C400B0F073 /* Resources */ = {
			isa = PBXResourcesBuildPhase;
			buildActionMask = 2147483647;
			files = (
			);
			runOnlyForDeploymentPostprocessing = 0;
		};
		95241A561BB90B2A00DEADD8 /* Resources */ = {
			isa = PBXResourcesBuildPhase;
			buildActionMask = 2147483647;
			files = (
				951EC9341F74A6CA002EC8FB /* LaunchScreen.storyboard in Resources */,
				95241A681BB90B2A00DEADD8 /* Assets.xcassets in Resources */,
				95241A661BB90B2A00DEADD8 /* Main.storyboard in Resources */,
			);
			runOnlyForDeploymentPostprocessing = 0;
		};
/* End PBXResourcesBuildPhase section */

/* Begin PBXShellScriptBuildPhase section */
		57CEB89F5CA814722C649AAA /* [CP] Check Pods Manifest.lock */ = {
			isa = PBXShellScriptBuildPhase;
			buildActionMask = 2147483647;
			files = (
			);
			inputPaths = (
			);
			name = "[CP] Check Pods Manifest.lock";
			outputPaths = (
			);
			runOnlyForDeploymentPostprocessing = 0;
			shellPath = /bin/sh;
			shellScript = "diff \"${PODS_ROOT}/../Podfile.lock\" \"${PODS_ROOT}/Manifest.lock\" > /dev/null\nif [ $? != 0 ] ; then\n    # print error to STDERR\n    echo \"error: The sandbox is not in sync with the Podfile.lock. Run 'pod install' or update your CocoaPods installation.\" >&2\n    exit 1\nfi\n";
			showEnvVarsInLog = 0;
		};
		785E043F4FEB76B96EB0F0AF /* [CP] Copy Pods Resources */ = {
			isa = PBXShellScriptBuildPhase;
			buildActionMask = 2147483647;
			files = (
			);
			inputPaths = (
			);
			name = "[CP] Copy Pods Resources";
			outputPaths = (
			);
			runOnlyForDeploymentPostprocessing = 0;
			shellPath = /bin/sh;
			shellScript = "\"${SRCROOT}/Pods/Target Support Files/Pods-GtSdkDemo-objc/Pods-GtSdkDemo-objc-resources.sh\"\n";
			showEnvVarsInLog = 0;
		};
		92D042C2A862C1D4A343CDCE /* [CP] Check Pods Manifest.lock */ = {
			isa = PBXShellScriptBuildPhase;
			buildActionMask = 2147483647;
			files = (
			);
			inputPaths = (
			);
			name = "[CP] Check Pods Manifest.lock";
			outputPaths = (
			);
			runOnlyForDeploymentPostprocessing = 0;
			shellPath = /bin/sh;
			shellScript = "diff \"${PODS_ROOT}/../Podfile.lock\" \"${PODS_ROOT}/Manifest.lock\" > /dev/null\nif [ $? != 0 ] ; then\n    # print error to STDERR\n    echo \"error: The sandbox is not in sync with the Podfile.lock. Run 'pod install' or update your CocoaPods installation.\" >&2\n    exit 1\nfi\n";
			showEnvVarsInLog = 0;
		};
		A15102B91B1ABDD8E53EC016 /* [CP] Copy Pods Resources */ = {
			isa = PBXShellScriptBuildPhase;
			buildActionMask = 2147483647;
			files = (
			);
			inputPaths = (
			);
			name = "[CP] Copy Pods Resources";
			outputPaths = (
			);
			runOnlyForDeploymentPostprocessing = 0;
			shellPath = /bin/sh;
			shellScript = "\"${SRCROOT}/Pods/Target Support Files/Pods-NotificationService/Pods-NotificationService-resources.sh\"\n";
			showEnvVarsInLog = 0;
		};
		BD7419EF60A91C4FE6D00A71 /* [CP] Embed Pods Frameworks */ = {
			isa = PBXShellScriptBuildPhase;
			buildActionMask = 2147483647;
			files = (
			);
			inputPaths = (
			);
			name = "[CP] Embed Pods Frameworks";
			outputPaths = (
			);
			runOnlyForDeploymentPostprocessing = 0;
			shellPath = /bin/sh;
			shellScript = "\"${SRCROOT}/Pods/Target Support Files/Pods-GtSdkDemo-objc/Pods-GtSdkDemo-objc-frameworks.sh\"\n";
			showEnvVarsInLog = 0;
		};
/* End PBXShellScriptBuildPhase section */

/* Begin PBXSourcesBuildPhase section */
		0E76873B1DAB87C400B0F073 /* Sources */ = {
			isa = PBXSourcesBuildPhase;
			buildActionMask = 2147483647;
			files = (
				0E7687431DAB87C400B0F073 /* NotificationService.m in Sources */,
			);
			runOnlyForDeploymentPostprocessing = 0;
		};
		95241A541BB90B2A00DEADD8 /* Sources */ = {
			isa = PBXSourcesBuildPhase;
			buildActionMask = 2147483647;
			files = (
				95241A631BB90B2A00DEADD8 /* ViewController.m in Sources */,
				95241A601BB90B2A00DEADD8 /* AppDelegate.m in Sources */,
				95241A5D1BB90B2A00DEADD8 /* main.m in Sources */,
			);
			runOnlyForDeploymentPostprocessing = 0;
		};
/* End PBXSourcesBuildPhase section */

/* Begin PBXTargetDependency section */
		0E7687461DAB87C400B0F073 /* PBXTargetDependency */ = {
			isa = PBXTargetDependency;
			target = 0E76873E1DAB87C400B0F073 /* NotificationService */;
			targetProxy = 0E7687451DAB87C400B0F073 /* PBXContainerItemProxy */;
		};
/* End PBXTargetDependency section */

/* Begin PBXVariantGroup section */
		95241A641BB90B2A00DEADD8 /* Main.storyboard */ = {
			isa = PBXVariantGroup;
			children = (
				95241A651BB90B2A00DEADD8 /* Base */,
			);
			name = Main.storyboard;
			sourceTree = "<group>";
		};
/* End PBXVariantGroup section */

/* Begin XCBuildConfiguration section */
		0E7687481DAB87C400B0F073 /* Debug */ = {
			isa = XCBuildConfiguration;
			buildSettings = {
				CLANG_ANALYZER_NONNULL = YES;
				CLANG_WARN_DOCUMENTATION_COMMENTS = YES;
				CLANG_WARN_INFINITE_RECURSION = YES;
				CLANG_WARN_SUSPICIOUS_MOVES = YES;
				DEVELOPMENT_TEAM = 3MJY223U56;
				INFOPLIST_FILE = NotificationService/Info.plist;
				IPHONEOS_DEPLOYMENT_TARGET = 10.0;
				LD_RUNPATH_SEARCH_PATHS = "$(inherited) @executable_path/Frameworks @executable_path/../../Frameworks";
				PRODUCT_BUNDLE_IDENTIFIER = ent.com.getui.demo.NotificationService;
				PRODUCT_NAME = "$(TARGET_NAME)";
				PROVISIONING_PROFILE = "c18c52e0-4b0a-4a21-ab4d-2a1bbcf85bcf";
				PROVISIONING_PROFILE_SPECIFIER = "Dev: ent.com.getui.demo.NotificationService";
				SKIP_INSTALL = YES;
			};
			name = Debug;
		};
		0E7687491DAB87C400B0F073 /* Release */ = {
			isa = XCBuildConfiguration;
			buildSettings = {
				CLANG_ANALYZER_NONNULL = YES;
				CLANG_WARN_DOCUMENTATION_COMMENTS = YES;
				CLANG_WARN_INFINITE_RECURSION = YES;
				CLANG_WARN_SUSPICIOUS_MOVES = YES;
				DEVELOPMENT_TEAM = 3MJY223U56;
				INFOPLIST_FILE = NotificationService/Info.plist;
				IPHONEOS_DEPLOYMENT_TARGET = 10.0;
				LD_RUNPATH_SEARCH_PATHS = "$(inherited) @executable_path/Frameworks @executable_path/../../Frameworks";
				PRODUCT_BUNDLE_IDENTIFIER = ent.com.getui.demo.NotificationService;
				PRODUCT_NAME = "$(TARGET_NAME)";
				PROVISIONING_PROFILE = "c18c52e0-4b0a-4a21-ab4d-2a1bbcf85bcf";
				PROVISIONING_PROFILE_SPECIFIER = "Dev: ent.com.getui.demo.NotificationService";
				SKIP_INSTALL = YES;
			};
			name = Release;
		};
		95241A6D1BB90B2A00DEADD8 /* Debug */ = {
			isa = XCBuildConfiguration;
			buildSettings = {
				ALWAYS_SEARCH_USER_PATHS = NO;
				CLANG_CXX_LANGUAGE_STANDARD = "gnu++0x";
				CLANG_CXX_LIBRARY = "libc++";
				CLANG_ENABLE_MODULES = YES;
				CLANG_ENABLE_OBJC_ARC = YES;
				CLANG_WARN_BOOL_CONVERSION = YES;
				CLANG_WARN_CONSTANT_CONVERSION = YES;
				CLANG_WARN_DIRECT_OBJC_ISA_USAGE = YES_ERROR;
				CLANG_WARN_EMPTY_BODY = YES;
				CLANG_WARN_ENUM_CONVERSION = YES;
				CLANG_WARN_INFINITE_RECURSION = YES;
				CLANG_WARN_INT_CONVERSION = YES;
				CLANG_WARN_OBJC_ROOT_CLASS = YES_ERROR;
				CLANG_WARN_SUSPICIOUS_MOVE = YES;
				CLANG_WARN_UNREACHABLE_CODE = YES;
				CLANG_WARN__DUPLICATE_METHOD_MATCH = YES;
				"CODE_SIGN_IDENTITY[sdk=iphoneos*]" = "iPhone Developer";
				COPY_PHASE_STRIP = NO;
				DEBUG_INFORMATION_FORMAT = dwarf;
				ENABLE_STRICT_OBJC_MSGSEND = YES;
				ENABLE_TESTABILITY = YES;
				GCC_C_LANGUAGE_STANDARD = gnu99;
				GCC_DYNAMIC_NO_PIC = NO;
				GCC_NO_COMMON_BLOCKS = YES;
				GCC_OPTIMIZATION_LEVEL = 0;
				GCC_PREPROCESSOR_DEFINITIONS = (
					"DEBUG=1",
					"$(inherited)",
				);
				GCC_WARN_64_TO_32_BIT_CONVERSION = YES;
				GCC_WARN_ABOUT_RETURN_TYPE = YES_ERROR;
				GCC_WARN_UNDECLARED_SELECTOR = YES;
				GCC_WARN_UNINITIALIZED_AUTOS = YES_AGGRESSIVE;
				GCC_WARN_UNUSED_FUNCTION = YES;
				GCC_WARN_UNUSED_VARIABLE = YES;
				IPHONEOS_DEPLOYMENT_TARGET = 7.0;
				MTL_ENABLE_DEBUG_INFO = YES;
				ONLY_ACTIVE_ARCH = YES;
				SDKROOT = iphoneos;
			};
			name = Debug;
		};
		95241A6E1BB90B2A00DEADD8 /* Release */ = {
			isa = XCBuildConfiguration;
			buildSettings = {
				ALWAYS_SEARCH_USER_PATHS = NO;
				CLANG_CXX_LANGUAGE_STANDARD = "gnu++0x";
				CLANG_CXX_LIBRARY = "libc++";
				CLANG_ENABLE_MODULES = YES;
				CLANG_ENABLE_OBJC_ARC = YES;
				CLANG_WARN_BOOL_CONVERSION = YES;
				CLANG_WARN_CONSTANT_CONVERSION = YES;
				CLANG_WARN_DIRECT_OBJC_ISA_USAGE = YES_ERROR;
				CLANG_WARN_EMPTY_BODY = YES;
				CLANG_WARN_ENUM_CONVERSION = YES;
				CLANG_WARN_INFINITE_RECURSION = YES;
				CLANG_WARN_INT_CONVERSION = YES;
				CLANG_WARN_OBJC_ROOT_CLASS = YES_ERROR;
				CLANG_WARN_SUSPICIOUS_MOVE = YES;
				CLANG_WARN_UNREACHABLE_CODE = YES;
				CLANG_WARN__DUPLICATE_METHOD_MATCH = YES;
				"CODE_SIGN_IDENTITY[sdk=iphoneos*]" = "iPhone Developer";
				COPY_PHASE_STRIP = NO;
				DEBUG_INFORMATION_FORMAT = "dwarf-with-dsym";
				ENABLE_NS_ASSERTIONS = NO;
				ENABLE_STRICT_OBJC_MSGSEND = YES;
				GCC_C_LANGUAGE_STANDARD = gnu99;
				GCC_NO_COMMON_BLOCKS = YES;
				GCC_WARN_64_TO_32_BIT_CONVERSION = YES;
				GCC_WARN_ABOUT_RETURN_TYPE = YES_ERROR;
				GCC_WARN_UNDECLARED_SELECTOR = YES;
				GCC_WARN_UNINITIALIZED_AUTOS = YES_AGGRESSIVE;
				GCC_WARN_UNUSED_FUNCTION = YES;
				GCC_WARN_UNUSED_VARIABLE = YES;
				IPHONEOS_DEPLOYMENT_TARGET = 7.0;
				MTL_ENABLE_DEBUG_INFO = NO;
				SDKROOT = iphoneos;
				VALIDATE_PRODUCT = YES;
			};
			name = Release;
		};
		95241A701BB90B2A00DEADD8 /* Debug */ = {
			isa = XCBuildConfiguration;
			buildSettings = {
				ASSETCATALOG_COMPILER_APPICON_NAME = AppIcon;
				CODE_SIGN_ENTITLEMENTS = "GtSdkDemo-objc/GtSdkDemo-objc.entitlements";
				CODE_SIGN_IDENTITY = "";
				"CODE_SIGN_IDENTITY[sdk=iphoneos*]" = "iPhone Developer";
				DEVELOPMENT_TEAM = 3MJY223U56;
				INFOPLIST_FILE = "GtSdkDemo-objc/Info.plist";
				LD_RUNPATH_SEARCH_PATHS = "$(inherited) @executable_path/Frameworks";
				PRODUCT_BUNDLE_IDENTIFIER = ent.com.getui.demo;
				PRODUCT_NAME = "GtSdkDemo-objc";
				PROVISIONING_PROFILE = "2df9a42d-8089-40ec-a715-dd55a73a9393";
				PROVISIONING_PROFILE_SPECIFIER = "Dev: ent.com.getui.demo";
			};
			name = Debug;
		};
		95241A711BB90B2A00DEADD8 /* Release */ = {
			isa = XCBuildConfiguration;
			buildSettings = {
				ASSETCATALOG_COMPILER_APPICON_NAME = AppIcon;
				CODE_SIGN_ENTITLEMENTS = "GtSdkDemo-objc/GtSdkDemo-objc.entitlements";
				CODE_SIGN_IDENTITY = "";
				"CODE_SIGN_IDENTITY[sdk=iphoneos*]" = "iPhone Developer";
				DEVELOPMENT_TEAM = 3MJY223U56;
				INFOPLIST_FILE = "GtSdkDemo-objc/Info.plist";
				LD_RUNPATH_SEARCH_PATHS = "$(inherited) @executable_path/Frameworks";
				PRODUCT_BUNDLE_IDENTIFIER = ent.com.getui.demo;
				PRODUCT_NAME = "GtSdkDemo-objc";
				PROVISIONING_PROFILE = "2df9a42d-8089-40ec-a715-dd55a73a9393";
				PROVISIONING_PROFILE_SPECIFIER = "Dev: ent.com.getui.demo";
			};
			name = Release;
		};
/* End XCBuildConfiguration section */

/* Begin XCConfigurationList section */
		0E76874A1DAB87C400B0F073 /* Build configuration list for PBXNativeTarget "NotificationService" */ = {
			isa = XCConfigurationList;
			buildConfigurations = (
				0E7687481DAB87C400B0F073 /* Debug */,
				0E7687491DAB87C400B0F073 /* Release */,
			);
			defaultConfigurationIsVisible = 0;
			defaultConfigurationName = Release;
		};
		95241A531BB90B2A00DEADD8 /* Build configuration list for PBXProject "GtSdkDemo-objc" */ = {
			isa = XCConfigurationList;
			buildConfigurations = (
				95241A6D1BB90B2A00DEADD8 /* Debug */,
				95241A6E1BB90B2A00DEADD8 /* Release */,
			);
			defaultConfigurationIsVisible = 0;
			defaultConfigurationName = Release;
		};
		95241A6F1BB90B2A00DEADD8 /* Build configuration list for PBXNativeTarget "GtSdkDemo-objc" */ = {
			isa = XCConfigurationList;
			buildConfigurations = (
				95241A701BB90B2A00DEADD8 /* Debug */,
				95241A711BB90B2A00DEADD8 /* Release */,
			);
			defaultConfigurationIsVisible = 0;
			defaultConfigurationName = Release;
		};
/* End XCConfigurationList section */
	};
	rootObject = 95241A501BB90B2A00DEADD8 /* Project object */;
}
