// !$*UTF8*$!
{
	archiveVersion = 1;
	classes = {
	};
	objectVersion = 46;
	objects = {

/* Begin PBXBuildFile section */
		0E2257B61F1DEA7B0097DDD9 /* GTSDK.framework in Frameworks */ = {isa = PBXBuildFile; fileRef = 0E2257B51F1DEA7B0097DDD9 /* GTSDK.framework */; };
		0E2257B81F1DEA8B0097DDD9 /* GTExtensionSDK.framework in Frameworks */ = {isa = PBXBuildFile; fileRef = 0E2257B71F1DEA8B0097DDD9 /* GTExtensionSDK.framework */; };
		0E7687701DAB88DC00B0F073 /* NotificationService.swift in Sources */ = {isa = PBXBuildFile; fileRef = 0E76876F1DAB88DC00B0F073 /* NotificationService.swift */; };
		0E7687741DAB88DC00B0F073 /* NotificationService.appex in Embed App Extensions */ = {isa = PBXBuildFile; fileRef = 0E76876D1DAB88DB00B0F073 /* NotificationService.appex */; settings = {ATTRIBUTES = (RemoveHeadersOnCopy, ); }; };
		0E7687791DAB88F400B0F073 /* libz.tbd in Frameworks */ = {isa = PBXBuildFile; fileRef = 954358C31BCB9CD4004E33DF /* libz.tbd */; };
		0E76877A1DAB88F900B0F073 /* libsqlite3.tbd in Frameworks */ = {isa = PBXBuildFile; fileRef = 954358C11BCB9CCD004E33DF /* libsqlite3.tbd */; };
		951EC9321F74A5E4002EC8FB /* LaunchScreen.storyboard in Resources */ = {isa = PBXBuildFile; fileRef = 951EC9311F74A5E4002EC8FB /* LaunchScreen.storyboard */; };
		9543589C1BCB9646004E33DF /* AppDelegate.swift in Sources */ = {isa = PBXBuildFile; fileRef = 9543589B1BCB9646004E33DF /* AppDelegate.swift */; };
		9543589E1BCB9646004E33DF /* ViewController.swift in Sources */ = {isa = PBXBuildFile; fileRef = 9543589D1BCB9646004E33DF /* ViewController.swift */; };
		954358A11BCB9646004E33DF /* Main.storyboard in Resources */ = {isa = PBXBuildFile; fileRef = 9543589F1BCB9646004E33DF /* Main.storyboard */; };
		954358A31BCB9646004E33DF /* Assets.xcassets in Resources */ = {isa = PBXBuildFile; fileRef = 954358A21BCB9646004E33DF /* Assets.xcassets */; };
		954358BA1BCB9CA8004E33DF /* CoreLocation.framework in Frameworks */ = {isa = PBXBuildFile; fileRef = 954358B91BCB9CA8004E33DF /* CoreLocation.framework */; };
		954358BC1BCB9CAE004E33DF /* AVFoundation.framework in Frameworks */ = {isa = PBXBuildFile; fileRef = 954358BB1BCB9CAE004E33DF /* AVFoundation.framework */; };
		954358BE1BCB9CB7004E33DF /* CoreTelephony.framework in Frameworks */ = {isa = PBXBuildFile; fileRef = 954358BD1BCB9CB7004E33DF /* CoreTelephony.framework */; };
		954358C01BCB9CC2004E33DF /* SystemConfiguration.framework in Frameworks */ = {isa = PBXBuildFile; fileRef = 954358BF1BCB9CC2004E33DF /* SystemConfiguration.framework */; };
		954358C21BCB9CCD004E33DF /* libsqlite3.tbd in Frameworks */ = {isa = PBXBuildFile; fileRef = 954358C11BCB9CCD004E33DF /* libsqlite3.tbd */; };
		954358C41BCB9CD4004E33DF /* libz.tbd in Frameworks */ = {isa = PBXBuildFile; fileRef = 954358C31BCB9CD4004E33DF /* libz.tbd */; };
		95668BDB1D07F85E00698DBB /* libc++.tbd in Frameworks */ = {isa = PBXBuildFile; fileRef = 95668BDA1D07F85E00698DBB /* libc++.tbd */; };
		957829D71C97EDA00043EA9F /* Security.framework in Frameworks */ = {isa = PBXBuildFile; fileRef = 957829D61C97EDA00043EA9F /* Security.framework */; };
		959F0FDC1E76883200928106 /* UserNotifications.framework in Frameworks */ = {isa = PBXBuildFile; fileRef = 95DFCD5E1D9A5FEB0020ACDE /* UserNotifications.framework */; };
		95DFCD5F1D9A5FEB0020ACDE /* UserNotifications.framework in Frameworks */ = {isa = PBXBuildFile; fileRef = 95DFCD5E1D9A5FEB0020ACDE /* UserNotifications.framework */; settings = {ATTRIBUTES = (Weak, ); }; };
		AE8391942019A57100E8F98E /* PushKit.framework in Frameworks */ = {isa = PBXBuildFile; fileRef = AE8391932019A57100E8F98E /* PushKit.framework */; };
		AEE0501720D0C132003C1834 /* AVFoundation.framework in Frameworks */ = {isa = PBXBuildFile; fileRef = 954358BB1BCB9CAE004E33DF /* AVFoundation.framework */; };
/* End PBXBuildFile section */

/* Begin PBXContainerItemProxy section */
		0E7687721DAB88DC00B0F073 /* PBXContainerItemProxy */ = {
			isa = PBXContainerItemProxy;
			containerPortal = 954358901BCB9646004E33DF /* Project object */;
			proxyType = 1;
			remoteGlobalIDString = 0E76876C1DAB88DB00B0F073;
			remoteInfo = NotificationService;
		};
/* End PBXContainerItemProxy section */

/* Begin PBXCopyFilesBuildPhase section */
		0E7687631DAB885100B0F073 /* Embed App Extensions */ = {
			isa = PBXCopyFilesBuildPhase;
			buildActionMask = 2147483647;
			dstPath = "";
			dstSubfolderSpec = 13;
			files = (
				0E7687741DAB88DC00B0F073 /* NotificationService.appex in Embed App Extensions */,
			);
			name = "Embed App Extensions";
			runOnlyForDeploymentPostprocessing = 0;
		};
/* End PBXCopyFilesBuildPhase section */

/* Begin PBXFileReference section */
		0E2257B51F1DEA7B0097DDD9 /* GTSDK.framework */ = {isa = PBXFileReference; lastKnownFileType = wrapper.framework; path = GTSDK.framework; sourceTree = "<group>"; };
		0E2257B71F1DEA8B0097DDD9 /* GTExtensionSDK.framework */ = {isa = PBXFileReference; lastKnownFileType = wrapper.framework; name = GTExtensionSDK.framework; path = ../../GtSdkLib/GTExtensionSDK.framework; sourceTree = "<group>"; };
		0E468EB21DAB8C0600350C78 /* GtSdkDemo-NotificationService-swift-Bridging-Header.h */ = {isa = PBXFileReference; fileEncoding = 4; lastKnownFileType = sourcecode.c.h; path = "GtSdkDemo-NotificationService-swift-Bridging-Header.h"; sourceTree = "<group>"; };
		0E76876D1DAB88DB00B0F073 /* NotificationService.appex */ = {isa = PBXFileReference; explicitFileType = "wrapper.app-extension"; includeInIndex = 0; path = NotificationService.appex; sourceTree = BUILT_PRODUCTS_DIR; };
		0E76876F1DAB88DC00B0F073 /* NotificationService.swift */ = {isa = PBXFileReference; lastKnownFileType = sourcecode.swift; path = NotificationService.swift; sourceTree = "<group>"; };
		0E7687711DAB88DC00B0F073 /* Info.plist */ = {isa = PBXFileReference; lastKnownFileType = text.plist.xml; path = Info.plist; sourceTree = "<group>"; };
		951EC9311F74A5E4002EC8FB /* LaunchScreen.storyboard */ = {isa = PBXFileReference; fileEncoding = 4; lastKnownFileType = file.storyboard; path = LaunchScreen.storyboard; sourceTree = "<group>"; };
		954358981BCB9646004E33DF /* GtSdkDemo-swift.app */ = {isa = PBXFileReference; explicitFileType = wrapper.application; includeInIndex = 0; path = "GtSdkDemo-swift.app"; sourceTree = BUILT_PRODUCTS_DIR; };
		9543589B1BCB9646004E33DF /* AppDelegate.swift */ = {isa = PBXFileReference; lastKnownFileType = sourcecode.swift; path = AppDelegate.swift; sourceTree = "<group>"; };
		9543589D1BCB9646004E33DF /* ViewController.swift */ = {isa = PBXFileReference; lastKnownFileType = sourcecode.swift; path = ViewController.swift; sourceTree = "<group>"; };
		954358A01BCB9646004E33DF /* Base */ = {isa = PBXFileReference; lastKnownFileType = file.storyboard; name = Base; path = Base.lproj/Main.storyboard; sourceTree = "<group>"; };
		954358A21BCB9646004E33DF /* Assets.xcassets */ = {isa = PBXFileReference; lastKnownFileType = folder.assetcatalog; path = Assets.xcassets; sourceTree = "<group>"; };
		954358A71BCB9646004E33DF /* Info.plist */ = {isa = PBXFileReference; lastKnownFileType = text.plist.xml; path = Info.plist; sourceTree = "<group>"; };
		954358B11BCB9AAD004E33DF /* GtSdkDemo-swift-Bridging-Header.h */ = {isa = PBXFileReference; lastKnownFileType = sourcecode.c.h; path = "GtSdkDemo-swift-Bridging-Header.h"; sourceTree = "<group>"; };
		954358B91BCB9CA8004E33DF /* CoreLocation.framework */ = {isa = PBXFileReference; lastKnownFileType = wrapper.framework; name = CoreLocation.framework; path = System/Library/Frameworks/CoreLocation.framework; sourceTree = SDKROOT; };
		954358BB1BCB9CAE004E33DF /* AVFoundation.framework */ = {isa = PBXFileReference; lastKnownFileType = wrapper.framework; name = AVFoundation.framework; path = System/Library/Frameworks/AVFoundation.framework; sourceTree = SDKROOT; };
		954358BD1BCB9CB7004E33DF /* CoreTelephony.framework */ = {isa = PBXFileReference; lastKnownFileType = wrapper.framework; name = CoreTelephony.framework; path = System/Library/Frameworks/CoreTelephony.framework; sourceTree = SDKROOT; };
		954358BF1BCB9CC2004E33DF /* SystemConfiguration.framework */ = {isa = PBXFileReference; lastKnownFileType = wrapper.framework; name = SystemConfiguration.framework; path = System/Library/Frameworks/SystemConfiguration.framework; sourceTree = SDKROOT; };
		954358C11BCB9CCD004E33DF /* libsqlite3.tbd */ = {isa = PBXFileReference; lastKnownFileType = "sourcecode.text-based-dylib-definition"; name = libsqlite3.tbd; path = usr/lib/libsqlite3.tbd; sourceTree = SDKROOT; };
		954358C31BCB9CD4004E33DF /* libz.tbd */ = {isa = PBXFileReference; lastKnownFileType = "sourcecode.text-based-dylib-definition"; name = libz.tbd; path = usr/lib/libz.tbd; sourceTree = SDKROOT; };
		955F51A71D8F9158003061C8 /* GtSdkDemo-swift.entitlements */ = {isa = PBXFileReference; lastKnownFileType = text.plist.entitlements; path = "GtSdkDemo-swift.entitlements"; sourceTree = "<group>"; };
		95668BDA1D07F85E00698DBB /* libc++.tbd */ = {isa = PBXFileReference; lastKnownFileType = "sourcecode.text-based-dylib-definition"; name = "libc++.tbd"; path = "usr/lib/libc++.tbd"; sourceTree = SDKROOT; };
		957829D61C97EDA00043EA9F /* Security.framework */ = {isa = PBXFileReference; lastKnownFileType = wrapper.framework; name = Security.framework; path = System/Library/Frameworks/Security.framework; sourceTree = SDKROOT; };
		95DFCD5E1D9A5FEB0020ACDE /* UserNotifications.framework */ = {isa = PBXFileReference; lastKnownFileType = wrapper.framework; name = UserNotifications.framework; path = System/Library/Frameworks/UserNotifications.framework; sourceTree = SDKROOT; };
		AE8391932019A57100E8F98E /* PushKit.framework */ = {isa = PBXFileReference; lastKnownFileType = wrapper.framework; name = PushKit.framework; path = System/Library/Frameworks/PushKit.framework; sourceTree = SDKROOT; };
/* End PBXFileReference section */

/* Begin PBXFrameworksBuildPhase section */
		0E76876A1DAB88DB00B0F073 /* Frameworks */ = {
			isa = PBXFrameworksBuildPhase;
			buildActionMask = 2147483647;
			files = (
				AEE0501720D0C132003C1834 /* AVFoundation.framework in Frameworks */,
				959F0FDC1E76883200928106 /* UserNotifications.framework in Frameworks */,
				0E7687791DAB88F400B0F073 /* libz.tbd in Frameworks */,
				0E76877A1DAB88F900B0F073 /* libsqlite3.tbd in Frameworks */,
				0E2257B81F1DEA8B0097DDD9 /* GTExtensionSDK.framework in Frameworks */,
			);
			runOnlyForDeploymentPostprocessing = 0;
		};
		954358951BCB9646004E33DF /* Frameworks */ = {
			isa = PBXFrameworksBuildPhase;
			buildActionMask = 2147483647;
			files = (
				AE8391942019A57100E8F98E /* PushKit.framework in Frameworks */,
				0E2257B61F1DEA7B0097DDD9 /* GTSDK.framework in Frameworks */,
				954358C41BCB9CD4004E33DF /* libz.tbd in Frameworks */,
				95668BDB1D07F85E00698DBB /* libc++.tbd in Frameworks */,
				954358C21BCB9CCD004E33DF /* libsqlite3.tbd in Frameworks */,
				95DFCD5F1D9A5FEB0020ACDE /* UserNotifications.framework in Frameworks */,
				957829D71C97EDA00043EA9F /* Security.framework in Frameworks */,
				954358C01BCB9CC2004E33DF /* SystemConfiguration.framework in Frameworks */,
				954358BE1BCB9CB7004E33DF /* CoreTelephony.framework in Frameworks */,
				954358BC1BCB9CAE004E33DF /* AVFoundation.framework in Frameworks */,
				954358BA1BCB9CA8004E33DF /* CoreLocation.framework in Frameworks */,
			);
			runOnlyForDeploymentPostprocessing = 0;
		};
/* End PBXFrameworksBuildPhase section */

/* Begin PBXGroup section */
		0E76876E1DAB88DB00B0F073 /* NotificationService */ = {
			isa = PBXGroup;
			children = (
				0E2257B71F1DEA8B0097DDD9 /* GTExtensionSDK.framework */,
				0E468EB21DAB8C0600350C78 /* GtSdkDemo-NotificationService-swift-Bridging-Header.h */,
				0E76876F1DAB88DC00B0F073 /* NotificationService.swift */,
				0E7687711DAB88DC00B0F073 /* Info.plist */,
			);
			path = NotificationService;
			sourceTree = "<group>";
		};
		0EDDB0B21E6E8C02003DBF7B /* GtSdkLib */ = {
			isa = PBXGroup;
			children = (
				0E2257B51F1DEA7B0097DDD9 /* GTSDK.framework */,
			);
			name = GtSdkLib;
			path = ../../GtSdkLib;
			sourceTree = "<group>";
		};
		9543588F1BCB9646004E33DF = {
			isa = PBXGroup;
			children = (
				9543589A1BCB9646004E33DF /* GtSdkDemo-swift */,
				0E76876E1DAB88DB00B0F073 /* NotificationService */,
				954358B61BCB9C7B004E33DF /* Frameworks */,
				954358991BCB9646004E33DF /* Products */,
			);
			sourceTree = "<group>";
		};
		954358991BCB9646004E33DF /* Products */ = {
			isa = PBXGroup;
			children = (
				954358981BCB9646004E33DF /* GtSdkDemo-swift.app */,
				0E76876D1DAB88DB00B0F073 /* NotificationService.appex */,
			);
			name = Products;
			sourceTree = "<group>";
		};
		9543589A1BCB9646004E33DF /* GtSdkDemo-swift */ = {
			isa = PBXGroup;
			children = (
				0EDDB0B21E6E8C02003DBF7B /* GtSdkLib */,
				955F51A71D8F9158003061C8 /* GtSdkDemo-swift.entitlements */,
				9543589B1BCB9646004E33DF /* AppDelegate.swift */,
				9543589D1BCB9646004E33DF /* ViewController.swift */,
				9543589F1BCB9646004E33DF /* Main.storyboard */,
				954358A21BCB9646004E33DF /* Assets.xcassets */,
				951EC9311F74A5E4002EC8FB /* LaunchScreen.storyboard */,
				954358A71BCB9646004E33DF /* Info.plist */,
				954358B11BCB9AAD004E33DF /* GtSdkDemo-swift-Bridging-Header.h */,
			);
			path = "GtSdkDemo-swift";
			sourceTree = "<group>";
		};
		954358B61BCB9C7B004E33DF /* Frameworks */ = {
			isa = PBXGroup;
			children = (
				AE8391932019A57100E8F98E /* PushKit.framework */,
				954358C31BCB9CD4004E33DF /* libz.tbd */,
				95668BDA1D07F85E00698DBB /* libc++.tbd */,
				954358C11BCB9CCD004E33DF /* libsqlite3.tbd */,
				95DFCD5E1D9A5FEB0020ACDE /* UserNotifications.framework */,
				957829D61C97EDA00043EA9F /* Security.framework */,
				954358BF1BCB9CC2004E33DF /* SystemConfiguration.framework */,
				954358BD1BCB9CB7004E33DF /* CoreTelephony.framework */,
				954358BB1BCB9CAE004E33DF /* AVFoundation.framework */,
				954358B91BCB9CA8004E33DF /* CoreLocation.framework */,
			);
			name = Frameworks;
			path = "GtSdkDemo-swift";
			sourceTree = "<group>";
		};
/* End PBXGroup section */

/* Begin PBXNativeTarget section */
		0E76876C1DAB88DB00B0F073 /* NotificationService */ = {
			isa = PBXNativeTarget;
			buildConfigurationList = 0E7687751DAB88DC00B0F073 /* Build configuration list for PBXNativeTarget "NotificationService" */;
			buildPhases = (
				0E7687691DAB88DB00B0F073 /* Sources */,
				0E76876A1DAB88DB00B0F073 /* Frameworks */,
				0E76876B1DAB88DB00B0F073 /* Resources */,
			);
			buildRules = (
			);
			dependencies = (
			);
			name = NotificationService;
			productName = NotificationService;
			productReference = 0E76876D1DAB88DB00B0F073 /* NotificationService.appex */;
			productType = "com.apple.product-type.app-extension";
		};
		954358971BCB9646004E33DF /* GtSdkDemo-swift */ = {
			isa = PBXNativeTarget;
			buildConfigurationList = 954358AA1BCB9646004E33DF /* Build configuration list for PBXNativeTarget "GtSdkDemo-swift" */;
			buildPhases = (
				954358941BCB9646004E33DF /* Sources */,
				954358951BCB9646004E33DF /* Frameworks */,
				954358961BCB9646004E33DF /* Resources */,
				0E7687631DAB885100B0F073 /* Embed App Extensions */,
			);
			buildRules = (
			);
			dependencies = (
				0E7687731DAB88DC00B0F073 /* PBXTargetDependency */,
			);
			name = "GtSdkDemo-swift";
			productName = "GtSdkDemo-swift";
			productReference = 954358981BCB9646004E33DF /* GtSdkDemo-swift.app */;
			productType = "com.apple.product-type.application";
		};
/* End PBXNativeTarget section */

/* Begin PBXProject section */
		954358901BCB9646004E33DF /* Project object */ = {
			isa = PBXProject;
			attributes = {
				LastSwiftUpdateCheck = 0800;
				LastUpgradeCheck = 0900;
				ORGANIZATIONNAME = "Gexin Interactive (Beijing) Network Technology Co.,LTD.";
				TargetAttributes = {
					0E76876C1DAB88DB00B0F073 = {
						CreatedOnToolsVersion = 8.0;
						DevelopmentTeam = 3MJY223U56;
						LastSwiftMigration = 0800;
						ProvisioningStyle = Manual;
					};
					954358971BCB9646004E33DF = {
						CreatedOnToolsVersion = 7.0.1;
						DevelopmentTeam = 3MJY223U56;
						LastSwiftMigration = 0800;
						ProvisioningStyle = Manual;
						SystemCapabilities = {
							com.apple.BackgroundModes = {
								enabled = 1;
							};
							com.apple.Push = {
								enabled = 1;
							};
							com.apple.SafariKeychain = {
								enabled = 1;
							};
						};
					};
				};
			};
			buildConfigurationList = 954358931BCB9646004E33DF /* Build configuration list for PBXProject "GtSdkDemo-swift" */;
			compatibilityVersion = "Xcode 3.2";
			developmentRegion = English;
			hasScannedForEncodings = 0;
			knownRegions = (
				en,
				Base,
			);
			mainGroup = 9543588F1BCB9646004E33DF;
			productRefGroup = 954358991BCB9646004E33DF /* Products */;
			projectDirPath = "";
			projectRoot = "";
			targets = (
				954358971BCB9646004E33DF /* GtSdkDemo-swift */,
				0E76876C1DAB88DB00B0F073 /* NotificationService */,
			);
		};
/* End PBXProject section */

/* Begin PBXResourcesBuildPhase section */
		0E76876B1DAB88DB00B0F073 /* Resources */ = {
			isa = PBXResourcesBuildPhase;
			buildActionMask = 2147483647;
			files = (
			);
			runOnlyForDeploymentPostprocessing = 0;
		};
		954358961BCB9646004E33DF /* Resources */ = {
			isa = PBXResourcesBuildPhase;
			buildActionMask = 2147483647;
			files = (
				951EC9321F74A5E4002EC8FB /* LaunchScreen.storyboard in Resources */,
				954358A31BCB9646004E33DF /* Assets.xcassets in Resources */,
				954358A11BCB9646004E33DF /* Main.storyboard in Resources */,
			);
			runOnlyForDeploymentPostprocessing = 0;
		};
/* End PBXResourcesBuildPhase section */

/* Begin PBXSourcesBuildPhase section */
		0E7687691DAB88DB00B0F073 /* Sources */ = {
			isa = PBXSourcesBuildPhase;
			buildActionMask = 2147483647;
			files = (
				0E7687701DAB88DC00B0F073 /* NotificationService.swift in Sources */,
			);
			runOnlyForDeploymentPostprocessing = 0;
		};
		954358941BCB9646004E33DF /* Sources */ = {
			isa = PBXSourcesBuildPhase;
			buildActionMask = 2147483647;
			files = (
				9543589E1BCB9646004E33DF /* ViewController.swift in Sources */,
				9543589C1BCB9646004E33DF /* AppDelegate.swift in Sources */,
			);
			runOnlyForDeploymentPostprocessing = 0;
		};
/* End PBXSourcesBuildPhase section */

/* Begin PBXTargetDependency section */
		0E7687731DAB88DC00B0F073 /* PBXTargetDependency */ = {
			isa = PBXTargetDependency;
			target = 0E76876C1DAB88DB00B0F073 /* NotificationService */;
			targetProxy = 0E7687721DAB88DC00B0F073 /* PBXContainerItemProxy */;
		};
/* End PBXTargetDependency section */

/* Begin PBXVariantGroup section */
		9543589F1BCB9646004E33DF /* Main.storyboard */ = {
			isa = PBXVariantGroup;
			children = (
				954358A01BCB9646004E33DF /* Base */,
			);
			name = Main.storyboard;
			sourceTree = "<group>";
		};
/* End PBXVariantGroup section */

/* Begin XCBuildConfiguration section */
		0E7687761DAB88DC00B0F073 /* Debug */ = {
			isa = XCBuildConfiguration;
			buildSettings = {
				CLANG_ANALYZER_NONNULL = YES;
				CLANG_WARN_DOCUMENTATION_COMMENTS = YES;
				CLANG_WARN_INFINITE_RECURSION = YES;
				CLANG_WARN_SUSPICIOUS_MOVES = YES;
				DEVELOPMENT_TEAM = 3MJY223U56;
				FRAMEWORK_SEARCH_PATHS = "$(SRCROOT)/../GtSdkLib";
				INFOPLIST_FILE = NotificationService/Info.plist;
				IPHONEOS_DEPLOYMENT_TARGET = 10.0;
				LD_RUNPATH_SEARCH_PATHS = "$(inherited) @executable_path/Frameworks @executable_path/../../Frameworks";
				ONLY_ACTIVE_ARCH = NO;
				PRODUCT_BUNDLE_IDENTIFIER = ent.com.getui.demo.NotificationService;
				PRODUCT_NAME = "$(TARGET_NAME)";
				PROVISIONING_PROFILE = "c18c52e0-4b0a-4a21-ab4d-2a1bbcf85bcf";
				PROVISIONING_PROFILE_SPECIFIER = "Dev: ent.com.getui.demo.NotificationService";
				SKIP_INSTALL = YES;
				SWIFT_ACTIVE_COMPILATION_CONDITIONS = DEBUG;
				SWIFT_OBJC_BRIDGING_HEADER = "NotificationService/GtSdkDemo-NotificationService-swift-Bridging-Header.h";
				SWIFT_VERSION = 3.0;
			};
			name = Debug;
		};
		0E7687771DAB88DC00B0F073 /* Release */ = {
			isa = XCBuildConfiguration;
			buildSettings = {
				CLANG_ANALYZER_NONNULL = YES;
				CLANG_WARN_DOCUMENTATION_COMMENTS = YES;
				CLANG_WARN_INFINITE_RECURSION = YES;
				CLANG_WARN_SUSPICIOUS_MOVES = YES;
				DEVELOPMENT_TEAM = 3MJY223U56;
				FRAMEWORK_SEARCH_PATHS = "$(SRCROOT)/../GtSdkLib";
				INFOPLIST_FILE = NotificationService/Info.plist;
				IPHONEOS_DEPLOYMENT_TARGET = 10.0;
				LD_RUNPATH_SEARCH_PATHS = "$(inherited) @executable_path/Frameworks @executable_path/../../Frameworks";
				ONLY_ACTIVE_ARCH = NO;
				PRODUCT_BUNDLE_IDENTIFIER = ent.com.getui.demo.NotificationService;
				PRODUCT_NAME = "$(TARGET_NAME)";
				PROVISIONING_PROFILE = "c18c52e0-4b0a-4a21-ab4d-2a1bbcf85bcf";
				PROVISIONING_PROFILE_SPECIFIER = "Dev: ent.com.getui.demo.NotificationService";
				SKIP_INSTALL = YES;
				SWIFT_OBJC_BRIDGING_HEADER = "NotificationService/GtSdkDemo-NotificationService-swift-Bridging-Header.h";
				SWIFT_OPTIMIZATION_LEVEL = "-Owholemodule";
				SWIFT_VERSION = 3.0;
			};
			name = Release;
		};
		954358A81BCB9646004E33DF /* Debug */ = {
			isa = XCBuildConfiguration;
			buildSettings = {
				ALWAYS_SEARCH_USER_PATHS = NO;
				CLANG_CXX_LANGUAGE_STANDARD = "gnu++0x";
				CLANG_CXX_LIBRARY = "libc++";
				CLANG_ENABLE_MODULES = YES;
				CLANG_ENABLE_OBJC_ARC = YES;
				CLANG_WARN_BLOCK_CAPTURE_AUTORELEASING = YES;
				CLANG_WARN_BOOL_CONVERSION = YES;
				CLANG_WARN_COMMA = YES;
				CLANG_WARN_CONSTANT_CONVERSION = YES;
				CLANG_WARN_DIRECT_OBJC_ISA_USAGE = YES_ERROR;
				CLANG_WARN_EMPTY_BODY = YES;
				CLANG_WARN_ENUM_CONVERSION = YES;
				CLANG_WARN_INFINITE_RECURSION = YES;
				CLANG_WARN_INT_CONVERSION = YES;
				CLANG_WARN_NON_LITERAL_NULL_CONVERSION = YES;
				CLANG_WARN_OBJC_LITERAL_CONVERSION = YES;
				CLANG_WARN_OBJC_ROOT_CLASS = YES_ERROR;
				CLANG_WARN_RANGE_LOOP_ANALYSIS = YES;
				CLANG_WARN_STRICT_PROTOTYPES = YES;
				CLANG_WARN_SUSPICIOUS_MOVE = YES;
				CLANG_WARN_UNREACHABLE_CODE = YES;
				CLANG_WARN__DUPLICATE_METHOD_MATCH = YES;
				"CODE_SIGN_IDENTITY[sdk=iphoneos*]" = "iPhone Developer";
				COPY_PHASE_STRIP = NO;
				DEBUG_INFORMATION_FORMAT = dwarf;
				ENABLE_STRICT_OBJC_MSGSEND = YES;
				ENABLE_TESTABILITY = YES;
				GCC_C_LANGUAGE_STANDARD = gnu99;
				GCC_DYNAMIC_NO_PIC = NO;
				GCC_NO_COMMON_BLOCKS = YES;
				GCC_OPTIMIZATION_LEVEL = 0;
				GCC_PREPROCESSOR_DEFINITIONS = (
					"DEBUG=1",
					"$(inherited)",
				);
				GCC_WARN_64_TO_32_BIT_CONVERSION = YES;
				GCC_WARN_ABOUT_RETURN_TYPE = YES_ERROR;
				GCC_WARN_UNDECLARED_SELECTOR = YES;
				GCC_WARN_UNINITIALIZED_AUTOS = YES_AGGRESSIVE;
				GCC_WARN_UNUSED_FUNCTION = YES;
				GCC_WARN_UNUSED_VARIABLE = YES;
				IPHONEOS_DEPLOYMENT_TARGET = 8.0;
				MTL_ENABLE_DEBUG_INFO = YES;
				ONLY_ACTIVE_ARCH = YES;
				SDKROOT = iphoneos;
				SWIFT_OPTIMIZATION_LEVEL = "-Onone";
				VALID_ARCHS = "arm64 armv7";
			};
			name = Debug;
		};
		954358A91BCB9646004E33DF /* Release */ = {
			isa = XCBuildConfiguration;
			buildSettings = {
				ALWAYS_SEARCH_USER_PATHS = NO;
				CLANG_CXX_LANGUAGE_STANDARD = "gnu++0x";
				CLANG_CXX_LIBRARY = "libc++";
				CLANG_ENABLE_MODULES = YES;
				CLANG_ENABLE_OBJC_ARC = YES;
				CLANG_WARN_BLOCK_CAPTURE_AUTORELEASING = YES;
				CLANG_WARN_BOOL_CONVERSION = YES;
				CLANG_WARN_COMMA = YES;
				CLANG_WARN_CONSTANT_CONVERSION = YES;
				CLANG_WARN_DIRECT_OBJC_ISA_USAGE = YES_ERROR;
				CLANG_WARN_EMPTY_BODY = YES;
				CLANG_WARN_ENUM_CONVERSION = YES;
				CLANG_WARN_INFINITE_RECURSION = YES;
				CLANG_WARN_INT_CONVERSION = YES;
				CLANG_WARN_NON_LITERAL_NULL_CONVERSION = YES;
				CLANG_WARN_OBJC_LITERAL_CONVERSION = YES;
				CLANG_WARN_OBJC_ROOT_CLASS = YES_ERROR;
				CLANG_WARN_RANGE_LOOP_ANALYSIS = YES;
				CLANG_WARN_STRICT_PROTOTYPES = YES;
				CLANG_WARN_SUSPICIOUS_MOVE = YES;
				CLANG_WARN_UNREACHABLE_CODE = YES;
				CLANG_WARN__DUPLICATE_METHOD_MATCH = YES;
				"CODE_SIGN_IDENTITY[sdk=iphoneos*]" = "iPhone Developer";
				COPY_PHASE_STRIP = NO;
				DEBUG_INFORMATION_FORMAT = "dwarf-with-dsym";
				ENABLE_NS_ASSERTIONS = NO;
				ENABLE_STRICT_OBJC_MSGSEND = YES;
				GCC_C_LANGUAGE_STANDARD = gnu99;
				GCC_NO_COMMON_BLOCKS = YES;
				GCC_WARN_64_TO_32_BIT_CONVERSION = YES;
				GCC_WARN_ABOUT_RETURN_TYPE = YES_ERROR;
				GCC_WARN_UNDECLARED_SELECTOR = YES;
				GCC_WARN_UNINITIALIZED_AUTOS = YES_AGGRESSIVE;
				GCC_WARN_UNUSED_FUNCTION = YES;
				GCC_WARN_UNUSED_VARIABLE = YES;
				IPHONEOS_DEPLOYMENT_TARGET = 8.0;
				MTL_ENABLE_DEBUG_INFO = NO;
				SDKROOT = iphoneos;
				SWIFT_OPTIMIZATION_LEVEL = "-Owholemodule";
				VALIDATE_PRODUCT = YES;
				VALID_ARCHS = "arm64 armv7";
			};
			name = Release;
		};
		954358AB1BCB9646004E33DF /* Debug */ = {
			isa = XCBuildConfiguration;
			buildSettings = {
				ALWAYS_EMBED_SWIFT_STANDARD_LIBRARIES = YES;
				ASSETCATALOG_COMPILER_APPICON_NAME = AppIcon;
				CLANG_ENABLE_MODULES = YES;
				CODE_SIGN_ENTITLEMENTS = "GtSdkDemo-swift/GtSdkDemo-swift.entitlements";
				CODE_SIGN_IDENTITY = "";
				"CODE_SIGN_IDENTITY[sdk=iphoneos*]" = "iPhone Developer";
				DEVELOPMENT_TEAM = 3MJY223U56;
				FRAMEWORK_SEARCH_PATHS = "$(SRCROOT)/../GtSdkLib";
				INFOPLIST_FILE = "GtSdkDemo-swift/Info.plist";
				IPHONEOS_DEPLOYMENT_TARGET = 8.0;
				LD_RUNPATH_SEARCH_PATHS = "$(inherited) @executable_path/Frameworks";
				ONLY_ACTIVE_ARCH = NO;
				PRODUCT_BUNDLE_IDENTIFIER = ent.com.getui.demo;
				PRODUCT_NAME = "$(TARGET_NAME)";
				PROVISIONING_PROFILE = "6132599d-032e-44db-befb-595e875c0861";
				PROVISIONING_PROFILE_SPECIFIER = "Dev: ent.com.getui.demo";
				SWIFT_OBJC_BRIDGING_HEADER = "GtSdkDemo-swift/GtSdkDemo-swift-Bridging-Header.h";
				SWIFT_OPTIMIZATION_LEVEL = "-Onone";
				SWIFT_VERSION = 3.0;
				TARGETED_DEVICE_FAMILY = 1;
			};
			name = Debug;
		};
		954358AC1BCB9646004E33DF /* Release */ = {
			isa = XCBuildConfiguration;
			buildSettings = {
				ALWAYS_EMBED_SWIFT_STANDARD_LIBRARIES = YES;
				ASSETCATALOG_COMPILER_APPICON_NAME = AppIcon;
				CLANG_ENABLE_MODULES = YES;
				CODE_SIGN_ENTITLEMENTS = "GtSdkDemo-swift/GtSdkDemo-swift.entitlements";
				CODE_SIGN_IDENTITY = "";
				"CODE_SIGN_IDENTITY[sdk=iphoneos*]" = "iPhone Developer";
				DEVELOPMENT_TEAM = 3MJY223U56;
				FRAMEWORK_SEARCH_PATHS = "$(SRCROOT)/../GtSdkLib";
				INFOPLIST_FILE = "GtSdkDemo-swift/Info.plist";
				IPHONEOS_DEPLOYMENT_TARGET = 8.0;
				LD_RUNPATH_SEARCH_PATHS = "$(inherited) @executable_path/Frameworks";
				ONLY_ACTIVE_ARCH = NO;
				PRODUCT_BUNDLE_IDENTIFIER = ent.com.getui.demo;
				PRODUCT_NAME = "$(TARGET_NAME)";
				PROVISIONING_PROFILE = "6132599d-032e-44db-befb-595e875c0861";
				PROVISIONING_PROFILE_SPECIFIER = "Dev: ent.com.getui.demo";
				SWIFT_OBJC_BRIDGING_HEADER = "GtSdkDemo-swift/GtSdkDemo-swift-Bridging-Header.h";
				SWIFT_VERSION = 3.0;
				TARGETED_DEVICE_FAMILY = 1;
			};
			name = Release;
		};
/* End XCBuildConfiguration section */

/* Begin XCConfigurationList section */
		0E7687751DAB88DC00B0F073 /* Build configuration list for PBXNativeTarget "NotificationService" */ = {
			isa = XCConfigurationList;
			buildConfigurations = (
				0E7687761DAB88DC00B0F073 /* Debug */,
				0E7687771DAB88DC00B0F073 /* Release */,
			);
			defaultConfigurationIsVisible = 0;
			defaultConfigurationName = Release;
		};
		954358931BCB9646004E33DF /* Build configuration list for PBXProject "GtSdkDemo-swift" */ = {
			isa = XCConfigurationList;
			buildConfigurations = (
				954358A81BCB9646004E33DF /* Debug */,
				954358A91BCB9646004E33DF /* Release */,
			);
			defaultConfigurationIsVisible = 0;
			defaultConfigurationName = Release;
		};
		954358AA1BCB9646004E33DF /* Build configuration list for PBXNativeTarget "GtSdkDemo-swift" */ = {
			isa = XCConfigurationList;
			buildConfigurations = (
				954358AB1BCB9646004E33DF /* Debug */,
				954358AC1BCB9646004E33DF /* Release */,
			);
			defaultConfigurationIsVisible = 0;
			defaultConfigurationName = Release;
		};
/* End XCConfigurationList section */
	};
	rootObject = 954358901BCB9646004E33DF /* Project object */;
}
