// !$*UTF8*$!
{
	archiveVersion = 1;
	classes = {
	};
	objectVersion = 46;
	objects = {

/* Begin PBXBuildFile section */
		0E7B86431F1DDFC5007676D7 /* GTSDK.framework in Frameworks */ = {isa = PBXBuildFile; fileRef = 0E7B86421F1DDFB6007676D7 /* GTSDK.framework */; };
		0E7B86471F1DE0BE007676D7 /* GTExtensionSDK.framework in Frameworks */ = {isa = PBXBuildFile; fileRef = 0E7B86441F1DE035007676D7 /* GTExtensionSDK.framework */; };
		0EBC15071DAB794A002BA975 /* NotificationService.m in Sources */ = {isa = PBXBuildFile; fileRef = 0EBC15061DAB794A002BA975 /* NotificationService.m */; };
		0EBC150B1DAB794A002BA975 /* NotificationService.appex in Embed App Extensions */ = {isa = PBXBuildFile; fileRef = 0EBC15031DAB794A002BA975 /* NotificationService.appex */; settings = {ATTRIBUTES = (RemoveHeadersOnCopy, ); }; };
		0ECFC4E61DAB8350008AF424 /* libz.tbd in Frameworks */ = {isa = PBXBuildFile; fileRef = 955D37C71BCE58F20056559A /* libz.tbd */; };
		0ECFC4E71DAB8356008AF424 /* libsqlite3.tbd in Frameworks */ = {isa = PBXBuildFile; fileRef = 955D37C51BCE58EC0056559A /* libsqlite3.tbd */; };
		951EC92C1F74A56F002EC8FB /* LaunchScreen.storyboard in Resources */ = {isa = PBXBuildFile; fileRef = 951EC92B1F74A56F002EC8FB /* LaunchScreen.storyboard */; };
		955D37991BCE54D50056559A /* main.m in Sources */ = {isa = PBXBuildFile; fileRef = 955D37981BCE54D50056559A /* main.m */; };
		955D379C1BCE54D50056559A /* AppDelegate.m in Sources */ = {isa = PBXBuildFile; fileRef = 955D379B1BCE54D50056559A /* AppDelegate.m */; };
		955D379F1BCE54D50056559A /* ViewController.m in Sources */ = {isa = PBXBuildFile; fileRef = 955D379E1BCE54D50056559A /* ViewController.m */; };
		955D37A41BCE54D50056559A /* Assets.xcassets in Resources */ = {isa = PBXBuildFile; fileRef = 955D37A31BCE54D50056559A /* Assets.xcassets */; };
		955D37B21BCE57990056559A /* TestViewController.m in Sources */ = {isa = PBXBuildFile; fileRef = 955D37AF1BCE57990056559A /* TestViewController.m */; };
		955D37B31BCE57990056559A /* TestViewController.xib in Resources */ = {isa = PBXBuildFile; fileRef = 955D37B01BCE57990056559A /* TestViewController.xib */; };
		955D37B41BCE57990056559A /* ViewController.xib in Resources */ = {isa = PBXBuildFile; fileRef = 955D37B11BCE57990056559A /* ViewController.xib */; };
		955D37BE1BCE58C90056559A /* CoreLocation.framework in Frameworks */ = {isa = PBXBuildFile; fileRef = 955D37BD1BCE58C90056559A /* CoreLocation.framework */; };
		955D37C01BCE58D50056559A /* AVFoundation.framework in Frameworks */ = {isa = PBXBuildFile; fileRef = 955D37BF1BCE58D50056559A /* AVFoundation.framework */; };
		955D37C21BCE58DD0056559A /* CoreTelephony.framework in Frameworks */ = {isa = PBXBuildFile; fileRef = 955D37C11BCE58DD0056559A /* CoreTelephony.framework */; };
		955D37C41BCE58E40056559A /* SystemConfiguration.framework in Frameworks */ = {isa = PBXBuildFile; fileRef = 955D37C31BCE58E40056559A /* SystemConfiguration.framework */; };
		955D37C61BCE58EC0056559A /* libsqlite3.tbd in Frameworks */ = {isa = PBXBuildFile; fileRef = 955D37C51BCE58EC0056559A /* libsqlite3.tbd */; };
		955D37C81BCE58F20056559A /* libz.tbd in Frameworks */ = {isa = PBXBuildFile; fileRef = 955D37C71BCE58F20056559A /* libz.tbd */; };
		955D37CF1BCE5A3F0056559A /* test1.wav in Resources */ = {isa = PBXBuildFile; fileRef = 955D37CD1BCE5A3F0056559A /* test1.wav */; };
		955D37D01BCE5A3F0056559A /* test2.wav in Resources */ = {isa = PBXBuildFile; fileRef = 955D37CE1BCE5A3F0056559A /* test2.wav */; };
		95668BCA1D07EFC500698DBB /* libc++.tbd in Frameworks */ = {isa = PBXBuildFile; fileRef = 95668BC91D07EFC500698DBB /* libc++.tbd */; };
		957829DD1C97EE320043EA9F /* Security.framework in Frameworks */ = {isa = PBXBuildFile; fileRef = 957829DC1C97EE320043EA9F /* Security.framework */; };
		9595B6EB1F2F0797008E837E /* UserNotifications.framework in Frameworks */ = {isa = PBXBuildFile; fileRef = 959F0FD61E76876300928106 /* UserNotifications.framework */; };
		959F0FD71E76876300928106 /* UserNotifications.framework in Frameworks */ = {isa = PBXBuildFile; fileRef = 959F0FD61E76876300928106 /* UserNotifications.framework */; };
		AE8391922019763C00E8F98E /* PushKit.framework in Frameworks */ = {isa = PBXBuildFile; fileRef = AE8391912019763C00E8F98E /* PushKit.framework */; };
		AEE0501620D0BF0E003C1834 /* AVFoundation.framework in Frameworks */ = {isa = PBXBuildFile; fileRef = 955D37BF1BCE58D50056559A /* AVFoundation.framework */; };
/* End PBXBuildFile section */

/* Begin PBXContainerItemProxy section */
		0EBC15091DAB794A002BA975 /* PBXContainerItemProxy */ = {
			isa = PBXContainerItemProxy;
			containerPortal = 955D378C1BCE54D50056559A /* Project object */;
			proxyType = 1;
			remoteGlobalIDString = 0EBC15021DAB794A002BA975;
			remoteInfo = NotificationService;
		};
/* End PBXContainerItemProxy section */

/* Begin PBXCopyFilesBuildPhase section */
		0EBC150F1DAB794A002BA975 /* Embed App Extensions */ = {
			isa = PBXCopyFilesBuildPhase;
			buildActionMask = 2147483647;
			dstPath = "";
			dstSubfolderSpec = 13;
			files = (
				0EBC150B1DAB794A002BA975 /* NotificationService.appex in Embed App Extensions */,
			);
			name = "Embed App Extensions";
			runOnlyForDeploymentPostprocessing = 0;
		};
		95260DD11BE1E0D300DC5072 /* Embed Watch Content */ = {
			isa = PBXCopyFilesBuildPhase;
			buildActionMask = 2147483647;
			dstPath = "$(CONTENTS_FOLDER_PATH)/Watch";
			dstSubfolderSpec = 16;
			files = (
			);
			name = "Embed Watch Content";
			runOnlyForDeploymentPostprocessing = 0;
		};
/* End PBXCopyFilesBuildPhase section */

/* Begin PBXFileReference section */
		0E7B86421F1DDFB6007676D7 /* GTSDK.framework */ = {isa = PBXFileReference; lastKnownFileType = wrapper.framework; path = GTSDK.framework; sourceTree = "<group>"; };
		0E7B86441F1DE035007676D7 /* GTExtensionSDK.framework */ = {isa = PBXFileReference; lastKnownFileType = wrapper.framework; name = GTExtensionSDK.framework; path = ../../GtSdkLib/GTExtensionSDK.framework; sourceTree = "<group>"; };
		0EBC15031DAB794A002BA975 /* NotificationService.appex */ = {isa = PBXFileReference; explicitFileType = "wrapper.app-extension"; includeInIndex = 0; path = NotificationService.appex; sourceTree = BUILT_PRODUCTS_DIR; };
		0EBC15051DAB794A002BA975 /* NotificationService.h */ = {isa = PBXFileReference; lastKnownFileType = sourcecode.c.h; path = NotificationService.h; sourceTree = "<group>"; };
		0EBC15061DAB794A002BA975 /* NotificationService.m */ = {isa = PBXFileReference; lastKnownFileType = sourcecode.c.objc; path = NotificationService.m; sourceTree = "<group>"; };
		0EBC15081DAB794A002BA975 /* Info.plist */ = {isa = PBXFileReference; lastKnownFileType = text.plist.xml; path = Info.plist; sourceTree = "<group>"; };
		951EC92B1F74A56F002EC8FB /* LaunchScreen.storyboard */ = {isa = PBXFileReference; fileEncoding = 4; lastKnownFileType = file.storyboard; path = LaunchScreen.storyboard; sourceTree = "<group>"; };
		955D37941BCE54D50056559A /* GtSdkDemo.app */ = {isa = PBXFileReference; explicitFileType = wrapper.application; includeInIndex = 0; path = GtSdkDemo.app; sourceTree = BUILT_PRODUCTS_DIR; };
		955D37981BCE54D50056559A /* main.m */ = {isa = PBXFileReference; lastKnownFileType = sourcecode.c.objc; path = main.m; sourceTree = "<group>"; };
		955D379A1BCE54D50056559A /* AppDelegate.h */ = {isa = PBXFileReference; lastKnownFileType = sourcecode.c.h; path = AppDelegate.h; sourceTree = "<group>"; };
		955D379B1BCE54D50056559A /* AppDelegate.m */ = {isa = PBXFileReference; lastKnownFileType = sourcecode.c.objc; path = AppDelegate.m; sourceTree = "<group>"; };
		955D379D1BCE54D50056559A /* ViewController.h */ = {isa = PBXFileReference; lastKnownFileType = sourcecode.c.h; path = ViewController.h; sourceTree = "<group>"; };
		955D379E1BCE54D50056559A /* ViewController.m */ = {isa = PBXFileReference; lastKnownFileType = sourcecode.c.objc; path = ViewController.m; sourceTree = "<group>"; };
		955D37A31BCE54D50056559A /* Assets.xcassets */ = {isa = PBXFileReference; lastKnownFileType = folder.assetcatalog; path = Assets.xcassets; sourceTree = "<group>"; };
		955D37A81BCE54D50056559A /* Info.plist */ = {isa = PBXFileReference; lastKnownFileType = text.plist.xml; path = Info.plist; sourceTree = "<group>"; };
		955D37AE1BCE57990056559A /* TestViewController.h */ = {isa = PBXFileReference; fileEncoding = 4; lastKnownFileType = sourcecode.c.h; path = TestViewController.h; sourceTree = "<group>"; };
		955D37AF1BCE57990056559A /* TestViewController.m */ = {isa = PBXFileReference; fileEncoding = 4; lastKnownFileType = sourcecode.c.objc; path = TestViewController.m; sourceTree = "<group>"; };
		955D37B01BCE57990056559A /* TestViewController.xib */ = {isa = PBXFileReference; fileEncoding = 4; lastKnownFileType = file.xib; path = TestViewController.xib; sourceTree = "<group>"; };
		955D37B11BCE57990056559A /* ViewController.xib */ = {isa = PBXFileReference; fileEncoding = 4; lastKnownFileType = file.xib; path = ViewController.xib; sourceTree = "<group>"; };
		955D37BD1BCE58C90056559A /* CoreLocation.framework */ = {isa = PBXFileReference; lastKnownFileType = wrapper.framework; name = CoreLocation.framework; path = System/Library/Frameworks/CoreLocation.framework; sourceTree = SDKROOT; };
		955D37BF1BCE58D50056559A /* AVFoundation.framework */ = {isa = PBXFileReference; lastKnownFileType = wrapper.framework; name = AVFoundation.framework; path = System/Library/Frameworks/AVFoundation.framework; sourceTree = SDKROOT; };
		955D37C11BCE58DD0056559A /* CoreTelephony.framework */ = {isa = PBXFileReference; lastKnownFileType = wrapper.framework; name = CoreTelephony.framework; path = System/Library/Frameworks/CoreTelephony.framework; sourceTree = SDKROOT; };
		955D37C31BCE58E40056559A /* SystemConfiguration.framework */ = {isa = PBXFileReference; lastKnownFileType = wrapper.framework; name = SystemConfiguration.framework; path = System/Library/Frameworks/SystemConfiguration.framework; sourceTree = SDKROOT; };
		955D37C51BCE58EC0056559A /* libsqlite3.tbd */ = {isa = PBXFileReference; lastKnownFileType = "sourcecode.text-based-dylib-definition"; name = libsqlite3.tbd; path = usr/lib/libsqlite3.tbd; sourceTree = SDKROOT; };
		955D37C71BCE58F20056559A /* libz.tbd */ = {isa = PBXFileReference; lastKnownFileType = "sourcecode.text-based-dylib-definition"; name = libz.tbd; path = usr/lib/libz.tbd; sourceTree = SDKROOT; };
		955D37CD1BCE5A3F0056559A /* test1.wav */ = {isa = PBXFileReference; lastKnownFileType = audio.wav; path = test1.wav; sourceTree = "<group>"; };
		955D37CE1BCE5A3F0056559A /* test2.wav */ = {isa = PBXFileReference; lastKnownFileType = audio.wav; path = test2.wav; sourceTree = "<group>"; };
		95668BC91D07EFC500698DBB /* libc++.tbd */ = {isa = PBXFileReference; lastKnownFileType = "sourcecode.text-based-dylib-definition"; name = "libc++.tbd"; path = "usr/lib/libc++.tbd"; sourceTree = SDKROOT; };
		957829DC1C97EE320043EA9F /* Security.framework */ = {isa = PBXFileReference; lastKnownFileType = wrapper.framework; name = Security.framework; path = System/Library/Frameworks/Security.framework; sourceTree = SDKROOT; };
		959F0FD61E76876300928106 /* UserNotifications.framework */ = {isa = PBXFileReference; lastKnownFileType = wrapper.framework; name = UserNotifications.framework; path = System/Library/Frameworks/UserNotifications.framework; sourceTree = SDKROOT; };
		95A0BD181D98BD4B00543BB7 /* GtSdkDemo.entitlements */ = {isa = PBXFileReference; lastKnownFileType = text.plist.entitlements; path = GtSdkDemo.entitlements; sourceTree = "<group>"; };
		AE1E146820C50DB800376E86 /* NotificationService.entitlements */ = {isa = PBXFileReference; lastKnownFileType = text.plist.entitlements; path = NotificationService.entitlements; sourceTree = "<group>"; };
		AE8391912019763C00E8F98E /* PushKit.framework */ = {isa = PBXFileReference; lastKnownFileType = wrapper.framework; name = PushKit.framework; path = System/Library/Frameworks/PushKit.framework; sourceTree = SDKROOT; };
/* End PBXFileReference section */

/* Begin PBXFrameworksBuildPhase section */
		0EBC15001DAB794A002BA975 /* Frameworks */ = {
			isa = PBXFrameworksBuildPhase;
			buildActionMask = 2147483647;
			files = (
				AEE0501620D0BF0E003C1834 /* AVFoundation.framework in Frameworks */,
				0E7B86471F1DE0BE007676D7 /* GTExtensionSDK.framework in Frameworks */,
				0ECFC4E61DAB8350008AF424 /* libz.tbd in Frameworks */,
				0ECFC4E71DAB8356008AF424 /* libsqlite3.tbd in Frameworks */,
				9595B6EB1F2F0797008E837E /* UserNotifications.framework in Frameworks */,
			);
			runOnlyForDeploymentPostprocessing = 0;
		};
		955D37911BCE54D50056559A /* Frameworks */ = {
			isa = PBXFrameworksBuildPhase;
			buildActionMask = 2147483647;
			files = (
				AE8391922019763C00E8F98E /* PushKit.framework in Frameworks */,
				0E7B86431F1DDFC5007676D7 /* GTSDK.framework in Frameworks */,
				955D37C81BCE58F20056559A /* libz.tbd in Frameworks */,
				95668BCA1D07EFC500698DBB /* libc++.tbd in Frameworks */,
				955D37C61BCE58EC0056559A /* libsqlite3.tbd in Frameworks */,
				957829DD1C97EE320043EA9F /* Security.framework in Frameworks */,
				955D37C41BCE58E40056559A /* SystemConfiguration.framework in Frameworks */,
				955D37C21BCE58DD0056559A /* CoreTelephony.framework in Frameworks */,
				955D37C01BCE58D50056559A /* AVFoundation.framework in Frameworks */,
				955D37BE1BCE58C90056559A /* CoreLocation.framework in Frameworks */,
				959F0FD71E76876300928106 /* UserNotifications.framework in Frameworks */,
			);
			runOnlyForDeploymentPostprocessing = 0;
		};
/* End PBXFrameworksBuildPhase section */

/* Begin PBXGroup section */
		0EBC15041DAB794A002BA975 /* NotificationService */ = {
			isa = PBXGroup;
			children = (
				AE1E146820C50DB800376E86 /* NotificationService.entitlements */,
				9531081D1EA795080054B63F /* GtSdkLib */,
				0EBC15051DAB794A002BA975 /* NotificationService.h */,
				0EBC15061DAB794A002BA975 /* NotificationService.m */,
				0EBC15081DAB794A002BA975 /* Info.plist */,
			);
			path = NotificationService;
			sourceTree = "<group>";
		};
		0EDDB0A41E6E83B1003DBF7B /* GtSdkLib */ = {
			isa = PBXGroup;
			children = (
				0E7B86421F1DDFB6007676D7 /* GTSDK.framework */,
			);
			name = GtSdkLib;
			path = ../../GtSdkLib;
			sourceTree = "<group>";
		};
		9531081D1EA795080054B63F /* GtSdkLib */ = {
			isa = PBXGroup;
			children = (
				0E7B86441F1DE035007676D7 /* GTExtensionSDK.framework */,
			);
			name = GtSdkLib;
			sourceTree = "<group>";
		};
		955D378B1BCE54D50056559A = {
			isa = PBXGroup;
			children = (
				955D37961BCE54D50056559A /* GtSdkDemo */,
				0EBC15041DAB794A002BA975 /* NotificationService */,
				955D37B91BCE58910056559A /* Frameworks */,
				955D37951BCE54D50056559A /* Products */,
			);
			sourceTree = "<group>";
		};
		955D37951BCE54D50056559A /* Products */ = {
			isa = PBXGroup;
			children = (
				955D37941BCE54D50056559A /* GtSdkDemo.app */,
				0EBC15031DAB794A002BA975 /* NotificationService.appex */,
			);
			name = Products;
			sourceTree = "<group>";
		};
		955D37961BCE54D50056559A /* GtSdkDemo */ = {
			isa = PBXGroup;
			children = (
				0EDDB0A41E6E83B1003DBF7B /* GtSdkLib */,
				95A0BD181D98BD4B00543BB7 /* GtSdkDemo.entitlements */,
				955D379A1BCE54D50056559A /* AppDelegate.h */,
				955D379B1BCE54D50056559A /* AppDelegate.m */,
				955D379D1BCE54D50056559A /* ViewController.h */,
				955D379E1BCE54D50056559A /* ViewController.m */,
				955D37B11BCE57990056559A /* ViewController.xib */,
				955D37AE1BCE57990056559A /* TestViewController.h */,
				955D37AF1BCE57990056559A /* TestViewController.m */,
				955D37B01BCE57990056559A /* TestViewController.xib */,
				955D37A31BCE54D50056559A /* Assets.xcassets */,
				951EC92B1F74A56F002EC8FB /* LaunchScreen.storyboard */,
				955D37A81BCE54D50056559A /* Info.plist */,
				955D37CC1BCE5A3F0056559A /* Resources */,
				955D37971BCE54D50056559A /* Supporting Files */,
			);
			path = GtSdkDemo;
			sourceTree = "<group>";
		};
		955D37971BCE54D50056559A /* Supporting Files */ = {
			isa = PBXGroup;
			children = (
				955D37981BCE54D50056559A /* main.m */,
			);
			name = "Supporting Files";
			sourceTree = "<group>";
		};
		955D37B91BCE58910056559A /* Frameworks */ = {
			isa = PBXGroup;
			children = (
				AE8391912019763C00E8F98E /* PushKit.framework */,
				955D37C71BCE58F20056559A /* libz.tbd */,
				95668BC91D07EFC500698DBB /* libc++.tbd */,
				955D37C51BCE58EC0056559A /* libsqlite3.tbd */,
				959F0FD61E76876300928106 /* UserNotifications.framework */,
				957829DC1C97EE320043EA9F /* Security.framework */,
				955D37C31BCE58E40056559A /* SystemConfiguration.framework */,
				955D37C11BCE58DD0056559A /* CoreTelephony.framework */,
				955D37BF1BCE58D50056559A /* AVFoundation.framework */,
				955D37BD1BCE58C90056559A /* CoreLocation.framework */,
			);
			name = Frameworks;
			path = GtSdkDemo;
			sourceTree = "<group>";
		};
		955D37CC1BCE5A3F0056559A /* Resources */ = {
			isa = PBXGroup;
			children = (
				955D37CD1BCE5A3F0056559A /* test1.wav */,
				955D37CE1BCE5A3F0056559A /* test2.wav */,
			);
			path = Resources;
			sourceTree = "<group>";
		};
/* End PBXGroup section */

/* Begin PBXNativeTarget section */
		0EBC15021DAB794A002BA975 /* NotificationService */ = {
			isa = PBXNativeTarget;
			buildConfigurationList = 0EBC150E1DAB794A002BA975 /* Build configuration list for PBXNativeTarget "NotificationService" */;
			buildPhases = (
				0EBC14FF1DAB794A002BA975 /* Sources */,
				0EBC15001DAB794A002BA975 /* Frameworks */,
				0EBC15011DAB794A002BA975 /* Resources */,
			);
			buildRules = (
			);
			dependencies = (
			);
			name = NotificationService;
			productName = NotificationService;
			productReference = 0EBC15031DAB794A002BA975 /* NotificationService.appex */;
			productType = "com.apple.product-type.app-extension";
		};
		955D37931BCE54D50056559A /* GtSdkDemo */ = {
			isa = PBXNativeTarget;
			buildConfigurationList = 955D37AB1BCE54D50056559A /* Build configuration list for PBXNativeTarget "GtSdkDemo" */;
			buildPhases = (
				955D37901BCE54D50056559A /* Sources */,
				955D37911BCE54D50056559A /* Frameworks */,
				955D37921BCE54D50056559A /* Resources */,
				95260DD11BE1E0D300DC5072 /* Embed Watch Content */,
				0EBC150F1DAB794A002BA975 /* Embed App Extensions */,
			);
			buildRules = (
			);
			dependencies = (
				0EBC150A1DAB794A002BA975 /* PBXTargetDependency */,
			);
			name = GtSdkDemo;
			productName = GtSdkDemo;
			productReference = 955D37941BCE54D50056559A /* GtSdkDemo.app */;
			productType = "com.apple.product-type.application";
		};
/* End PBXNativeTarget section */

/* Begin PBXProject section */
		955D378C1BCE54D50056559A /* Project object */ = {
			isa = PBXProject;
			attributes = {
				LastUpgradeCheck = 0900;
				ORGANIZATIONNAME = "Gexin Interactive (Beijing) Network Technology Co.,LTD.";
				TargetAttributes = {
					0EBC15021DAB794A002BA975 = {
						CreatedOnToolsVersion = 8.0;
						DevelopmentTeam = 3MJY223U56;
						ProvisioningStyle = Manual;
						SystemCapabilities = {
							com.apple.SafariKeychain = {
								enabled = 0;
							};
						};
					};
					955D37931BCE54D50056559A = {
						CreatedOnToolsVersion = 7.0.1;
						DevelopmentTeam = 3MJY223U56;
						ProvisioningStyle = Manual;
						SystemCapabilities = {
							com.apple.BackgroundModes = {
								enabled = 1;
							};
							com.apple.Push = {
								enabled = 1;
							};
							com.apple.SafariKeychain = {
								enabled = 1;
							};
						};
					};
				};
			};
			buildConfigurationList = 955D378F1BCE54D50056559A /* Build configuration list for PBXProject "GtSdkDemo" */;
			compatibilityVersion = "Xcode 3.2";
			developmentRegion = English;
			hasScannedForEncodings = 0;
			knownRegions = (
				en,
				Base,
			);
			mainGroup = 955D378B1BCE54D50056559A;
			productRefGroup = 955D37951BCE54D50056559A /* Products */;
			projectDirPath = "";
			projectRoot = "";
			targets = (
				955D37931BCE54D50056559A /* GtSdkDemo */,
				0EBC15021DAB794A002BA975 /* NotificationService */,
			);
		};
/* End PBXProject section */

/* Begin PBXResourcesBuildPhase section */
		0EBC15011DAB794A002BA975 /* Resources */ = {
			isa = PBXResourcesBuildPhase;
			buildActionMask = 2147483647;
			files = (
			);
			runOnlyForDeploymentPostprocessing = 0;
		};
		955D37921BCE54D50056559A /* Resources */ = {
			isa = PBXResourcesBuildPhase;
			buildActionMask = 2147483647;
			files = (
				955D37B41BCE57990056559A /* ViewController.xib in Resources */,
				955D37CF1BCE5A3F0056559A /* test1.wav in Resources */,
				955D37A41BCE54D50056559A /* Assets.xcassets in Resources */,
				951EC92C1F74A56F002EC8FB /* LaunchScreen.storyboard in Resources */,
				955D37B31BCE57990056559A /* TestViewController.xib in Resources */,
				955D37D01BCE5A3F0056559A /* test2.wav in Resources */,
			);
			runOnlyForDeploymentPostprocessing = 0;
		};
/* End PBXResourcesBuildPhase section */

/* Begin PBXSourcesBuildPhase section */
		0EBC14FF1DAB794A002BA975 /* Sources */ = {
			isa = PBXSourcesBuildPhase;
			buildActionMask = 2147483647;
			files = (
				0EBC15071DAB794A002BA975 /* NotificationService.m in Sources */,
			);
			runOnlyForDeploymentPostprocessing = 0;
		};
		955D37901BCE54D50056559A /* Sources */ = {
			isa = PBXSourcesBuildPhase;
			buildActionMask = 2147483647;
			files = (
				955D379F1BCE54D50056559A /* ViewController.m in Sources */,
				955D379C1BCE54D50056559A /* AppDelegate.m in Sources */,
				955D37B21BCE57990056559A /* TestViewController.m in Sources */,
				955D37991BCE54D50056559A /* main.m in Sources */,
			);
			runOnlyForDeploymentPostprocessing = 0;
		};
/* End PBXSourcesBuildPhase section */

/* Begin PBXTargetDependency section */
		0EBC150A1DAB794A002BA975 /* PBXTargetDependency */ = {
			isa = PBXTargetDependency;
			target = 0EBC15021DAB794A002BA975 /* NotificationService */;
			targetProxy = 0EBC15091DAB794A002BA975 /* PBXContainerItemProxy */;
		};
/* End PBXTargetDependency section */

/* Begin XCBuildConfiguration section */
		0EBC150C1DAB794A002BA975 /* Debug */ = {
			isa = XCBuildConfiguration;
			buildSettings = {
				CLANG_ANALYZER_NONNULL = YES;
				CLANG_WARN_DOCUMENTATION_COMMENTS = YES;
				CLANG_WARN_INFINITE_RECURSION = YES;
				CLANG_WARN_SUSPICIOUS_MOVES = YES;
				DEVELOPMENT_TEAM = 3MJY223U56;
				FRAMEWORK_SEARCH_PATHS = "$(PROJECT_DIR)/../GtSdkLib";
				INFOPLIST_FILE = NotificationService/Info.plist;
				IPHONEOS_DEPLOYMENT_TARGET = 10.0;
				LD_RUNPATH_SEARCH_PATHS = "$(inherited) @executable_path/Frameworks @executable_path/../../Frameworks";
				PRODUCT_BUNDLE_IDENTIFIER = ent.com.getui.demo.NotificationService;
				PRODUCT_NAME = "$(TARGET_NAME)";
				PROVISIONING_PROFILE = "c18c52e0-4b0a-4a21-ab4d-2a1bbcf85bcf";
				PROVISIONING_PROFILE_SPECIFIER = "Dev: ent.com.getui.demo.NotificationService";
				SKIP_INSTALL = YES;
			};
			name = Debug;
		};
		0EBC150D1DAB794A002BA975 /* Release */ = {
			isa = XCBuildConfiguration;
			buildSettings = {
				CLANG_ANALYZER_NONNULL = YES;
				CLANG_WARN_DOCUMENTATION_COMMENTS = YES;
				CLANG_WARN_INFINITE_RECURSION = YES;
				CLANG_WARN_SUSPICIOUS_MOVES = YES;
				"CODE_SIGN_IDENTITY[sdk=iphoneos*]" = "iPhone Developer";
				DEVELOPMENT_TEAM = 3MJY223U56;
				FRAMEWORK_SEARCH_PATHS = "$(PROJECT_DIR)/../GtSdkLib";
				INFOPLIST_FILE = NotificationService/Info.plist;
				IPHONEOS_DEPLOYMENT_TARGET = 10.0;
				LD_RUNPATH_SEARCH_PATHS = "$(inherited) @executable_path/Frameworks @executable_path/../../Frameworks";
				PRODUCT_BUNDLE_IDENTIFIER = ent.com.getui.demo.NotificationService;
				PRODUCT_NAME = "$(TARGET_NAME)";
				PROVISIONING_PROFILE = "c18c52e0-4b0a-4a21-ab4d-2a1bbcf85bcf";
				PROVISIONING_PROFILE_SPECIFIER = "Dev: ent.com.getui.demo.NotificationService";
				SKIP_INSTALL = YES;
			};
			name = Release;
		};
		955D37A91BCE54D50056559A /* Debug */ = {
			isa = XCBuildConfiguration;
			buildSettings = {
				ALWAYS_SEARCH_USER_PATHS = NO;
				CLANG_CXX_LANGUAGE_STANDARD = "gnu++0x";
				CLANG_CXX_LIBRARY = "libc++";
				CLANG_ENABLE_MODULES = YES;
				CLANG_ENABLE_OBJC_ARC = YES;
				CLANG_WARN_BLOCK_CAPTURE_AUTORELEASING = YES;
				CLANG_WARN_BOOL_CONVERSION = YES;
				CLANG_WARN_COMMA = YES;
				CLANG_WARN_CONSTANT_CONVERSION = YES;
				CLANG_WARN_DIRECT_OBJC_ISA_USAGE = YES_ERROR;
				CLANG_WARN_EMPTY_BODY = YES;
				CLANG_WARN_ENUM_CONVERSION = YES;
				CLANG_WARN_INFINITE_RECURSION = YES;
				CLANG_WARN_INT_CONVERSION = YES;
				CLANG_WARN_NON_LITERAL_NULL_CONVERSION = YES;
				CLANG_WARN_OBJC_LITERAL_CONVERSION = YES;
				CLANG_WARN_OBJC_ROOT_CLASS = YES_ERROR;
				CLANG_WARN_RANGE_LOOP_ANALYSIS = YES;
				CLANG_WARN_STRICT_PROTOTYPES = YES;
				CLANG_WARN_SUSPICIOUS_MOVE = YES;
				CLANG_WARN_UNREACHABLE_CODE = YES;
				CLANG_WARN__DUPLICATE_METHOD_MATCH = YES;
				CODE_SIGN_IDENTITY = "iPhone Developer";
				"CODE_SIGN_IDENTITY[sdk=iphoneos*]" = "iPhone Developer";
				COPY_PHASE_STRIP = NO;
				DEBUG_INFORMATION_FORMAT = dwarf;
				ENABLE_STRICT_OBJC_MSGSEND = YES;
				ENABLE_TESTABILITY = YES;
				GCC_C_LANGUAGE_STANDARD = gnu99;
				GCC_DYNAMIC_NO_PIC = NO;
				GCC_NO_COMMON_BLOCKS = YES;
				GCC_OPTIMIZATION_LEVEL = 0;
				GCC_PREPROCESSOR_DEFINITIONS = (
					"DEBUG=1",
					"$(inherited)",
				);
				GCC_WARN_64_TO_32_BIT_CONVERSION = YES;
				GCC_WARN_ABOUT_RETURN_TYPE = YES_ERROR;
				GCC_WARN_UNDECLARED_SELECTOR = YES;
				GCC_WARN_UNINITIALIZED_AUTOS = YES_AGGRESSIVE;
				GCC_WARN_UNUSED_FUNCTION = YES;
				GCC_WARN_UNUSED_VARIABLE = YES;
				IPHONEOS_DEPLOYMENT_TARGET = 7.0;
				MTL_ENABLE_DEBUG_INFO = YES;
				ONLY_ACTIVE_ARCH = YES;
				SDKROOT = iphoneos;
			};
			name = Debug;
		};
		955D37AA1BCE54D50056559A /* Release */ = {
			isa = XCBuildConfiguration;
			buildSettings = {
				ALWAYS_SEARCH_USER_PATHS = NO;
				CLANG_CXX_LANGUAGE_STANDARD = "gnu++0x";
				CLANG_CXX_LIBRARY = "libc++";
				CLANG_ENABLE_MODULES = YES;
				CLANG_ENABLE_OBJC_ARC = YES;
				CLANG_WARN_BLOCK_CAPTURE_AUTORELEASING = YES;
				CLANG_WARN_BOOL_CONVERSION = YES;
				CLANG_WARN_COMMA = YES;
				CLANG_WARN_CONSTANT_CONVERSION = YES;
				CLANG_WARN_DIRECT_OBJC_ISA_USAGE = YES_ERROR;
				CLANG_WARN_EMPTY_BODY = YES;
				CLANG_WARN_ENUM_CONVERSION = YES;
				CLANG_WARN_INFINITE_RECURSION = YES;
				CLANG_WARN_INT_CONVERSION = YES;
				CLANG_WARN_NON_LITERAL_NULL_CONVERSION = YES;
				CLANG_WARN_OBJC_LITERAL_CONVERSION = YES;
				CLANG_WARN_OBJC_ROOT_CLASS = YES_ERROR;
				CLANG_WARN_RANGE_LOOP_ANALYSIS = YES;
				CLANG_WARN_STRICT_PROTOTYPES = YES;
				CLANG_WARN_SUSPICIOUS_MOVE = YES;
				CLANG_WARN_UNREACHABLE_CODE = YES;
				CLANG_WARN__DUPLICATE_METHOD_MATCH = YES;
				CODE_SIGN_IDENTITY = "iPhone Distribution";
				"CODE_SIGN_IDENTITY[sdk=iphoneos*]" = "iPhone Distribution";
				COPY_PHASE_STRIP = NO;
				DEBUG_INFORMATION_FORMAT = "dwarf-with-dsym";
				ENABLE_NS_ASSERTIONS = NO;
				ENABLE_STRICT_OBJC_MSGSEND = YES;
				GCC_C_LANGUAGE_STANDARD = gnu99;
				GCC_NO_COMMON_BLOCKS = YES;
				GCC_WARN_64_TO_32_BIT_CONVERSION = YES;
				GCC_WARN_ABOUT_RETURN_TYPE = YES_ERROR;
				GCC_WARN_UNDECLARED_SELECTOR = YES;
				GCC_WARN_UNINITIALIZED_AUTOS = YES_AGGRESSIVE;
				GCC_WARN_UNUSED_FUNCTION = YES;
				GCC_WARN_UNUSED_VARIABLE = YES;
				IPHONEOS_DEPLOYMENT_TARGET = 7.0;
				MTL_ENABLE_DEBUG_INFO = NO;
				SDKROOT = iphoneos;
				VALIDATE_PRODUCT = YES;
			};
			name = Release;
		};
		955D37AC1BCE54D50056559A /* Debug */ = {
			isa = XCBuildConfiguration;
			buildSettings = {
				ASSETCATALOG_COMPILER_APPICON_NAME = AppIcon;
				CODE_SIGN_ENTITLEMENTS = GtSdkDemo/GtSdkDemo.entitlements;
				CODE_SIGN_IDENTITY = "";
				"CODE_SIGN_IDENTITY[sdk=iphoneos*]" = "iPhone Developer";
				DEVELOPMENT_TEAM = 3MJY223U56;
				FRAMEWORK_SEARCH_PATHS = "$(PROJECT_DIR)/../GtSdkLib";
				INFOPLIST_FILE = GtSdkDemo/Info.plist;
				LD_RUNPATH_SEARCH_PATHS = "$(inherited) @executable_path/Frameworks";
				OTHER_LDFLAGS = "";
				PRODUCT_BUNDLE_IDENTIFIER = ent.com.getui.demo;
				PRODUCT_NAME = "$(TARGET_NAME)";
				PROVISIONING_PROFILE = "abada9d9-25dc-4e62-85b3-90d71a70182c";
				PROVISIONING_PROFILE_SPECIFIER = "Dev: ent.com.getui.demo";
				TARGETED_DEVICE_FAMILY = 1;
			};
			name = Debug;
		};
		955D37AD1BCE54D50056559A /* Release */ = {
			isa = XCBuildConfiguration;
			buildSettings = {
				ASSETCATALOG_COMPILER_APPICON_NAME = AppIcon;
				CODE_SIGN_ENTITLEMENTS = GtSdkDemo/GtSdkDemo.entitlements;
				CODE_SIGN_IDENTITY = "";
				"CODE_SIGN_IDENTITY[sdk=iphoneos*]" = "iPhone Distribution";
				DEVELOPMENT_TEAM = 3MJY223U56;
				FRAMEWORK_SEARCH_PATHS = "$(PROJECT_DIR)/../GtSdkLib";
				INFOPLIST_FILE = GtSdkDemo/Info.plist;
				LD_RUNPATH_SEARCH_PATHS = "$(inherited) @executable_path/Frameworks";
				OTHER_LDFLAGS = "";
				PRODUCT_BUNDLE_IDENTIFIER = ent.com.getui.demo;
				PRODUCT_NAME = "$(TARGET_NAME)";
				PROVISIONING_PROFILE = "3b15fe1e-e081-43e8-a999-0872440a969e";
				PROVISIONING_PROFILE_SPECIFIER = "In House: ent.com.getui.demo";
				TARGETED_DEVICE_FAMILY = 1;
			};
			name = Release;
		};
/* End XCBuildConfiguration section */

/* Begin XCConfigurationList section */
		0EBC150E1DAB794A002BA975 /* Build configuration list for PBXNativeTarget "NotificationService" */ = {
			isa = XCConfigurationList;
			buildConfigurations = (
				0EBC150C1DAB794A002BA975 /* Debug */,
				0EBC150D1DAB794A002BA975 /* Release */,
			);
			defaultConfigurationIsVisible = 0;
			defaultConfigurationName = Release;
		};
		955D378F1BCE54D50056559A /* Build configuration list for PBXProject "GtSdkDemo" */ = {
			isa = XCConfigurationList;
			buildConfigurations = (
				955D37A91BCE54D50056559A /* Debug */,
				955D37AA1BCE54D50056559A /* Release */,
			);
			defaultConfigurationIsVisible = 0;
			defaultConfigurationName = Release;
		};
		955D37AB1BCE54D50056559A /* Build configuration list for PBXNativeTarget "GtSdkDemo" */ = {
			isa = XCConfigurationList;
			buildConfigurations = (
				955D37AC1BCE54D50056559A /* Debug */,
				955D37AD1BCE54D50056559A /* Release */,
			);
			defaultConfigurationIsVisible = 0;
			defaultConfigurationName = Release;
		};
/* End XCConfigurationList section */
	};
	rootObject = 955D378C1BCE54D50056559A /* Project object */;
}
